// !$*UTF8*$!
{
	archiveVersion = 1;
	classes = {
	};
	objectVersion = 46;
	objects = {

/* Begin PBXBuildFile section */
		12E92B8827A2329C2999802B /* Pods.framework in Frameworks */ = {isa = PBXBuildFile; fileRef = 7FE7EA0F9A5A525A33C5DAA3 /* Pods.framework */; };
		D6DE71271C2592A300C066DE /* Assets.xcassets in Resources */ = {isa = PBXBuildFile; fileRef = D6DE70DD1C2592A300C066DE /* Assets.xcassets */; };
		D6DE71281C2592A300C066DE /* Main.storyboard in Resources */ = {isa = PBXBuildFile; fileRef = D6DE70DE1C2592A300C066DE /* Main.storyboard */; };
		D6DE71291C2592A300C066DE /* TPCBroswerViewController.swift in Sources */ = {isa = PBXBuildFile; fileRef = D6DE70E11C2592A300C066DE /* TPCBroswerViewController.swift */; };
		D6DE712A1C2592A300C066DE /* TPCDetailViewController.swift in Sources */ = {isa = PBXBuildFile; fileRef = D6DE70E21C2592A300C066DE /* TPCDetailViewController.swift */; };
		D6DE712B1C2592A300C066DE /* TPCNavigationController.swift in Sources */ = {isa = PBXBuildFile; fileRef = D6DE70E31C2592A300C066DE /* TPCNavigationController.swift */; };
		D6DE712C1C2592A300C066DE /* TPCAboutMeController.swift in Sources */ = {isa = PBXBuildFile; fileRef = D6DE70E51C2592A300C066DE /* TPCAboutMeController.swift */; };
		D6DE712D1C2592A300C066DE /* TPCImageAlphaController.swift in Sources */ = {isa = PBXBuildFile; fileRef = D6DE70E61C2592A300C066DE /* TPCImageAlphaController.swift */; };
		D6DE712E1C2592A300C066DE /* TPCLoadDataCountController.swift in Sources */ = {isa = PBXBuildFile; fileRef = D6DE70E71C2592A300C066DE /* TPCLoadDataCountController.swift */; };
		D6DE712F1C2592A300C066DE /* TPCShowCategoryController.swift in Sources */ = {isa = PBXBuildFile; fileRef = D6DE70E81C2592A300C066DE /* TPCShowCategoryController.swift */; };
		D6DE71301C2592A300C066DE /* TPCShowContentController.swift in Sources */ = {isa = PBXBuildFile; fileRef = D6DE70E91C2592A300C066DE /* TPCShowContentController.swift */; };
		D6DE71311C2592A300C066DE /* TPCSettingViewController.swift in Sources */ = {isa = PBXBuildFile; fileRef = D6DE70EA1C2592A300C066DE /* TPCSettingViewController.swift */; };
		D6DE71321C2592A300C066DE /* TPCTechnicalViewController.swift in Sources */ = {isa = PBXBuildFile; fileRef = D6DE70EB1C2592A300C066DE /* TPCTechnicalViewController.swift */; };
		D6DE71331C2592A300C066DE /* TPCViewController.swift in Sources */ = {isa = PBXBuildFile; fileRef = D6DE70EC1C2592A300C066DE /* TPCViewController.swift */; };
		D6DE71341C2592A300C066DE /* CALayer+Extension.swift in Sources */ = {isa = PBXBuildFile; fileRef = D6DE70EE1C2592A300C066DE /* CALayer+Extension.swift */; };
		D6DE71351C2592A300C066DE /* NSDate+Extension.swift in Sources */ = {isa = PBXBuildFile; fileRef = D6DE70EF1C2592A300C066DE /* NSDate+Extension.swift */; };
		D6DE71361C2592A300C066DE /* String+Extension.swift in Sources */ = {isa = PBXBuildFile; fileRef = D6DE70F01C2592A300C066DE /* String+Extension.swift */; };
		D6DE71371C2592A300C066DE /* UIBarButtonItem+Extension.swift in Sources */ = {isa = PBXBuildFile; fileRef = D6DE70F11C2592A300C066DE /* UIBarButtonItem+Extension.swift */; };
		D6DE71381C2592A300C066DE /* UIButton+Extension.swift in Sources */ = {isa = PBXBuildFile; fileRef = D6DE70F21C2592A300C066DE /* UIButton+Extension.swift */; };
		D6DE71391C2592A300C066DE /* UIFont+Extension.swift in Sources */ = {isa = PBXBuildFile; fileRef = D6DE70F31C2592A300C066DE /* UIFont+Extension.swift */; };
		D6DE713A1C2592A300C066DE /* UIImage+Extension.swift in Sources */ = {isa = PBXBuildFile; fileRef = D6DE70F41C2592A300C066DE /* UIImage+Extension.swift */; };
		D6DE713B1C2592A300C066DE /* Info.plist in Resources */ = {isa = PBXBuildFile; fileRef = D6DE70F51C2592A300C066DE /* Info.plist */; };
		D6DE713C1C2592A300C066DE /* TPCAboutMe.swift in Sources */ = {isa = PBXBuildFile; fileRef = D6DE70F71C2592A300C066DE /* TPCAboutMe.swift */; };
		D6DE713D1C2592A300C066DE /* TPCLaunchConfig.swift in Sources */ = {isa = PBXBuildFile; fileRef = D6DE70F81C2592A300C066DE /* TPCLaunchConfig.swift */; };
		D6DE713E1C2592A300C066DE /* TPCTechnicalObject.swift in Sources */ = {isa = PBXBuildFile; fileRef = D6DE70F91C2592A300C066DE /* TPCTechnicalObject.swift */; };
		D6DE713F1C2592A300C066DE /* AppDelegate.swift in Sources */ = {isa = PBXBuildFile; fileRef = D6DE70FB1C2592A300C066DE /* AppDelegate.swift */; };
		D6DE71401C2592A300C066DE /* UINavigationController+FDFullscreenPopGesture.m in Sources */ = {isa = PBXBuildFile; fileRef = D6DE71001C2592A300C066DE /* UINavigationController+FDFullscreenPopGesture.m */; };
		D6DE71411C2592A300C066DE /* CoreDataManager.swift in Sources */ = {isa = PBXBuildFile; fileRef = D6DE71021C2592A300C066DE /* CoreDataManager.swift */; };
		D6DE71421C2592A300C066DE /* TPCConfiguration.swift in Sources */ = {isa = PBXBuildFile; fileRef = D6DE71031C2592A300C066DE /* TPCConfiguration.swift */; };
		D6DE71431C2592A300C066DE /* TPCConst.swift in Sources */ = {isa = PBXBuildFile; fileRef = D6DE71041C2592A300C066DE /* TPCConst.swift */; };
		D6DE71441C2592A300C066DE /* TPCDispatchUtil.swift in Sources */ = {isa = PBXBuildFile; fileRef = D6DE71051C2592A300C066DE /* TPCDispatchUtil.swift */; };
		D6DE71451C2592A300C066DE /* TPCNetworkUtil.swift in Sources */ = {isa = PBXBuildFile; fileRef = D6DE71061C2592A300C066DE /* TPCNetworkUtil.swift */; };
		D6DE71461C2592A300C066DE /* TPCPhotoUtil.swift in Sources */ = {isa = PBXBuildFile; fileRef = D6DE71071C2592A300C066DE /* TPCPhotoUtil.swift */; };
		D6DE71471C2592A300C066DE /* TPCShareManager.swift in Sources */ = {isa = PBXBuildFile; fileRef = D6DE71081C2592A300C066DE /* TPCShareManager.swift */; };
		D6DE71481C2592A300C066DE /* TPCStorageUtil.swift in Sources */ = {isa = PBXBuildFile; fileRef = D6DE71091C2592A300C066DE /* TPCStorageUtil.swift */; };
		D6DE71491C2592A300C066DE /* TPCTextParser.swift in Sources */ = {isa = PBXBuildFile; fileRef = D6DE710A1C2592A300C066DE /* TPCTextParser.swift */; };
		D6DE714A1C2592A300C066DE /* TPCUMManager.swift in Sources */ = {isa = PBXBuildFile; fileRef = D6DE710B1C2592A300C066DE /* TPCUMManager.swift */; };
		D6DE714B1C2592A300C066DE /* TPCVenusUtil.swift in Sources */ = {isa = PBXBuildFile; fileRef = D6DE710C1C2592A300C066DE /* TPCVenusUtil.swift */; };
		D6DE714C1C2592A300C066DE /* TPCApplicationTitleView.swift in Sources */ = {isa = PBXBuildFile; fileRef = D6DE710F1C2592A300C066DE /* TPCApplicationTitleView.swift */; };
		D6DE714D1C2592A300C066DE /* TPCGradientLabel.swift in Sources */ = {isa = PBXBuildFile; fileRef = D6DE71101C2592A300C066DE /* TPCGradientLabel.swift */; };
		D6DE714E1C2592A300C066DE /* TPCGradientView.swift in Sources */ = {isa = PBXBuildFile; fileRef = D6DE71111C2592A300C066DE /* TPCGradientView.swift */; };
		D6DE714F1C2592A300C066DE /* TPCImageView.swift in Sources */ = {isa = PBXBuildFile; fileRef = D6DE71121C2592A300C066DE /* TPCImageView.swift */; };
		D6DE71501C2592A300C066DE /* TPCLaunchScreenView.xib in Resources */ = {isa = PBXBuildFile; fileRef = D6DE71131C2592A300C066DE /* TPCLaunchScreenView.xib */; };
		D6DE71511C2592A300C066DE /* TPCPageScrollView.swift in Sources */ = {isa = PBXBuildFile; fileRef = D6DE71141C2592A300C066DE /* TPCPageScrollView.swift */; };
		D6DE71521C2592A300C066DE /* TPCPopoverView.swift in Sources */ = {isa = PBXBuildFile; fileRef = D6DE71151C2592A300C066DE /* TPCPopoverView.swift */; };
		D6DE71531C2592A300C066DE /* TPCRefreshContentsView.xib in Resources */ = {isa = PBXBuildFile; fileRef = D6DE71161C2592A300C066DE /* TPCRefreshContentsView.xib */; };
		D6DE71541C2592A300C066DE /* TPCRefreshView.swift in Sources */ = {isa = PBXBuildFile; fileRef = D6DE71171C2592A300C066DE /* TPCRefreshView.swift */; };
		D6DE71551C2592A300C066DE /* TPCShareView.swift in Sources */ = {isa = PBXBuildFile; fileRef = D6DE71181C2592A300C066DE /* TPCShareView.swift */; };
		D6DE71561C2592A300C066DE /* TPCShareView.xib in Resources */ = {isa = PBXBuildFile; fileRef = D6DE71191C2592A300C066DE /* TPCShareView.xib */; };
		D6DE71571C2592A300C066DE /* TPCSystemButton.swift in Sources */ = {isa = PBXBuildFile; fileRef = D6DE711A1C2592A300C066DE /* TPCSystemButton.swift */; };
		D6DE71581C2592A300C066DE /* TPCWebView.swift in Sources */ = {isa = PBXBuildFile; fileRef = D6DE711B1C2592A300C066DE /* TPCWebView.swift */; };
		D6DE71591C2592A300C066DE /* TPCDetailHeaderView.swift in Sources */ = {isa = PBXBuildFile; fileRef = D6DE711C1C2592A300C066DE /* TPCDetailHeaderView.swift */; };
		D6DE715A1C2592A300C066DE /* TPCDetailViewCell.swift in Sources */ = {isa = PBXBuildFile; fileRef = D6DE711D1C2592A300C066DE /* TPCDetailViewCell.swift */; };
		D6DE715B1C2592A300C066DE /* TPCLaunchScreenView.swift in Sources */ = {isa = PBXBuildFile; fileRef = D6DE711E1C2592A300C066DE /* TPCLaunchScreenView.swift */; };
		D6DE715C1C2592A300C066DE /* TPCNoMoreDataFooterView.swift in Sources */ = {isa = PBXBuildFile; fileRef = D6DE711F1C2592A300C066DE /* TPCNoMoreDataFooterView.swift */; };
		D6DE715D1C2592A300C066DE /* TPCNoMoreDataFooterView.xib in Resources */ = {isa = PBXBuildFile; fileRef = D6DE71201C2592A300C066DE /* TPCNoMoreDataFooterView.xib */; };
		D6DE715E1C2592A300C066DE /* TPCSettingCell.swift in Sources */ = {isa = PBXBuildFile; fileRef = D6DE71211C2592A300C066DE /* TPCSettingCell.swift */; };
		D6DE715F1C2592A300C066DE /* TPCSettingSubCell.swift in Sources */ = {isa = PBXBuildFile; fileRef = D6DE71221C2592A300C066DE /* TPCSettingSubCell.swift */; };
		D6DE71601C2592A300C066DE /* TPCTableView.swift in Sources */ = {isa = PBXBuildFile; fileRef = D6DE71231C2592A300C066DE /* TPCTableView.swift */; };
		D6DE71611C2592A300C066DE /* TPCTechnicalCell.swift in Sources */ = {isa = PBXBuildFile; fileRef = D6DE71241C2592A300C066DE /* TPCTechnicalCell.swift */; };
		D6DE71621C2592A300C066DE /* WKCC.xcdatamodeld in Sources */ = {isa = PBXBuildFile; fileRef = D6DE71251C2592A300C066DE /* WKCC.xcdatamodeld */; };
/* End PBXBuildFile section */

/* Begin PBXFileReference section */
		72EE590290576ABFA38A5059 /* Pods.debug.xcconfig */ = {isa = PBXFileReference; includeInIndex = 1; lastKnownFileType = text.xcconfig; name = Pods.debug.xcconfig; path = "Pods/Target Support Files/Pods/Pods.debug.xcconfig"; sourceTree = "<group>"; };
		7FE7EA0F9A5A525A33C5DAA3 /* Pods.framework */ = {isa = PBXFileReference; explicitFileType = wrapper.framework; includeInIndex = 0; path = Pods.framework; sourceTree = BUILT_PRODUCTS_DIR; };
		CA83A096E1133C661EE95446 /* Pods.release.xcconfig */ = {isa = PBXFileReference; includeInIndex = 1; lastKnownFileType = text.xcconfig; name = Pods.release.xcconfig; path = "Pods/Target Support Files/Pods/Pods.release.xcconfig"; sourceTree = "<group>"; };
		D6DE6FB91C25904C00C066DE /* GanHuo.app */ = {isa = PBXFileReference; explicitFileType = wrapper.application; includeInIndex = 0; path = GanHuo.app; sourceTree = BUILT_PRODUCTS_DIR; };
		D6DE70DD1C2592A300C066DE /* Assets.xcassets */ = {isa = PBXFileReference; lastKnownFileType = folder.assetcatalog; path = Assets.xcassets; sourceTree = "<group>"; };
		D6DE70DF1C2592A300C066DE /* Base */ = {isa = PBXFileReference; lastKnownFileType = file.storyboard; name = Base; path = Base.lproj/Main.storyboard; sourceTree = "<group>"; };
		D6DE70E11C2592A300C066DE /* TPCBroswerViewController.swift */ = {isa = PBXFileReference; fileEncoding = 4; lastKnownFileType = sourcecode.swift; path = TPCBroswerViewController.swift; sourceTree = "<group>"; };
		D6DE70E21C2592A300C066DE /* TPCDetailViewController.swift */ = {isa = PBXFileReference; fileEncoding = 4; lastKnownFileType = sourcecode.swift; path = TPCDetailViewController.swift; sourceTree = "<group>"; };
		D6DE70E31C2592A300C066DE /* TPCNavigationController.swift */ = {isa = PBXFileReference; fileEncoding = 4; lastKnownFileType = sourcecode.swift; path = TPCNavigationController.swift; sourceTree = "<group>"; };
		D6DE70E51C2592A300C066DE /* TPCAboutMeController.swift */ = {isa = PBXFileReference; fileEncoding = 4; lastKnownFileType = sourcecode.swift; path = TPCAboutMeController.swift; sourceTree = "<group>"; };
		D6DE70E61C2592A300C066DE /* TPCImageAlphaController.swift */ = {isa = PBXFileReference; fileEncoding = 4; lastKnownFileType = sourcecode.swift; path = TPCImageAlphaController.swift; sourceTree = "<group>"; };
		D6DE70E71C2592A300C066DE /* TPCLoadDataCountController.swift */ = {isa = PBXFileReference; fileEncoding = 4; lastKnownFileType = sourcecode.swift; path = TPCLoadDataCountController.swift; sourceTree = "<group>"; };
		D6DE70E81C2592A300C066DE /* TPCShowCategoryController.swift */ = {isa = PBXFileReference; fileEncoding = 4; lastKnownFileType = sourcecode.swift; path = TPCShowCategoryController.swift; sourceTree = "<group>"; };
		D6DE70E91C2592A300C066DE /* TPCShowContentController.swift */ = {isa = PBXFileReference; fileEncoding = 4; lastKnownFileType = sourcecode.swift; path = TPCShowContentController.swift; sourceTree = "<group>"; };
		D6DE70EA1C2592A300C066DE /* TPCSettingViewController.swift */ = {isa = PBXFileReference; fileEncoding = 4; lastKnownFileType = sourcecode.swift; path = TPCSettingViewController.swift; sourceTree = "<group>"; };
		D6DE70EB1C2592A300C066DE /* TPCTechnicalViewController.swift */ = {isa = PBXFileReference; fileEncoding = 4; lastKnownFileType = sourcecode.swift; path = TPCTechnicalViewController.swift; sourceTree = "<group>"; };
		D6DE70EC1C2592A300C066DE /* TPCViewController.swift */ = {isa = PBXFileReference; fileEncoding = 4; lastKnownFileType = sourcecode.swift; path = TPCViewController.swift; sourceTree = "<group>"; };
		D6DE70EE1C2592A300C066DE /* CALayer+Extension.swift */ = {isa = PBXFileReference; fileEncoding = 4; lastKnownFileType = sourcecode.swift; path = "CALayer+Extension.swift"; sourceTree = "<group>"; };
		D6DE70EF1C2592A300C066DE /* NSDate+Extension.swift */ = {isa = PBXFileReference; fileEncoding = 4; lastKnownFileType = sourcecode.swift; path = "NSDate+Extension.swift"; sourceTree = "<group>"; };
		D6DE70F01C2592A300C066DE /* String+Extension.swift */ = {isa = PBXFileReference; fileEncoding = 4; lastKnownFileType = sourcecode.swift; path = "String+Extension.swift"; sourceTree = "<group>"; };
		D6DE70F11C2592A300C066DE /* UIBarButtonItem+Extension.swift */ = {isa = PBXFileReference; fileEncoding = 4; lastKnownFileType = sourcecode.swift; path = "UIBarButtonItem+Extension.swift"; sourceTree = "<group>"; };
		D6DE70F21C2592A300C066DE /* UIButton+Extension.swift */ = {isa = PBXFileReference; fileEncoding = 4; lastKnownFileType = sourcecode.swift; path = "UIButton+Extension.swift"; sourceTree = "<group>"; };
		D6DE70F31C2592A300C066DE /* UIFont+Extension.swift */ = {isa = PBXFileReference; fileEncoding = 4; lastKnownFileType = sourcecode.swift; path = "UIFont+Extension.swift"; sourceTree = "<group>"; };
		D6DE70F41C2592A300C066DE /* UIImage+Extension.swift */ = {isa = PBXFileReference; fileEncoding = 4; lastKnownFileType = sourcecode.swift; path = "UIImage+Extension.swift"; sourceTree = "<group>"; };
		D6DE70F51C2592A300C066DE /* Info.plist */ = {isa = PBXFileReference; fileEncoding = 4; lastKnownFileType = text.plist.xml; path = Info.plist; sourceTree = "<group>"; };
		D6DE70F71C2592A300C066DE /* TPCAboutMe.swift */ = {isa = PBXFileReference; fileEncoding = 4; lastKnownFileType = sourcecode.swift; path = TPCAboutMe.swift; sourceTree = "<group>"; };
		D6DE70F81C2592A300C066DE /* TPCLaunchConfig.swift */ = {isa = PBXFileReference; fileEncoding = 4; lastKnownFileType = sourcecode.swift; path = TPCLaunchConfig.swift; sourceTree = "<group>"; };
		D6DE70F91C2592A300C066DE /* TPCTechnicalObject.swift */ = {isa = PBXFileReference; fileEncoding = 4; lastKnownFileType = sourcecode.swift; path = TPCTechnicalObject.swift; sourceTree = "<group>"; };
		D6DE70FB1C2592A300C066DE /* AppDelegate.swift */ = {isa = PBXFileReference; fileEncoding = 4; lastKnownFileType = sourcecode.swift; path = AppDelegate.swift; sourceTree = "<group>"; };
		D6DE70FC1C2592A300C066DE /* WKCCSwift-Bridging-Header.h */ = {isa = PBXFileReference; fileEncoding = 4; lastKnownFileType = sourcecode.c.h; path = "WKCCSwift-Bridging-Header.h"; sourceTree = "<group>"; };
		D6DE70FF1C2592A300C066DE /* UINavigationController+FDFullscreenPopGesture.h */ = {isa = PBXFileReference; fileEncoding = 4; lastKnownFileType = sourcecode.c.h; path = "UINavigationController+FDFullscreenPopGesture.h"; sourceTree = "<group>"; };
		D6DE71001C2592A300C066DE /* UINavigationController+FDFullscreenPopGesture.m */ = {isa = PBXFileReference; fileEncoding = 4; lastKnownFileType = sourcecode.c.objc; path = "UINavigationController+FDFullscreenPopGesture.m"; sourceTree = "<group>"; };
		D6DE71021C2592A300C066DE /* CoreDataManager.swift */ = {isa = PBXFileReference; fileEncoding = 4; lastKnownFileType = sourcecode.swift; path = CoreDataManager.swift; sourceTree = "<group>"; };
		D6DE71031C2592A300C066DE /* TPCConfiguration.swift */ = {isa = PBXFileReference; fileEncoding = 4; lastKnownFileType = sourcecode.swift; path = TPCConfiguration.swift; sourceTree = "<group>"; };
		D6DE71041C2592A300C066DE /* TPCConst.swift */ = {isa = PBXFileReference; fileEncoding = 4; lastKnownFileType = sourcecode.swift; path = TPCConst.swift; sourceTree = "<group>"; };
		D6DE71051C2592A300C066DE /* TPCDispatchUtil.swift */ = {isa = PBXFileReference; fileEncoding = 4; lastKnownFileType = sourcecode.swift; path = TPCDispatchUtil.swift; sourceTree = "<group>"; };
		D6DE71061C2592A300C066DE /* TPCNetworkUtil.swift */ = {isa = PBXFileReference; fileEncoding = 4; lastKnownFileType = sourcecode.swift; path = TPCNetworkUtil.swift; sourceTree = "<group>"; };
		D6DE71071C2592A300C066DE /* TPCPhotoUtil.swift */ = {isa = PBXFileReference; fileEncoding = 4; lastKnownFileType = sourcecode.swift; path = TPCPhotoUtil.swift; sourceTree = "<group>"; };
		D6DE71081C2592A300C066DE /* TPCShareManager.swift */ = {isa = PBXFileReference; fileEncoding = 4; lastKnownFileType = sourcecode.swift; path = TPCShareManager.swift; sourceTree = "<group>"; };
		D6DE71091C2592A300C066DE /* TPCStorageUtil.swift */ = {isa = PBXFileReference; fileEncoding = 4; lastKnownFileType = sourcecode.swift; path = TPCStorageUtil.swift; sourceTree = "<group>"; };
		D6DE710A1C2592A300C066DE /* TPCTextParser.swift */ = {isa = PBXFileReference; fileEncoding = 4; lastKnownFileType = sourcecode.swift; path = TPCTextParser.swift; sourceTree = "<group>"; };
		D6DE710B1C2592A300C066DE /* TPCUMManager.swift */ = {isa = PBXFileReference; fileEncoding = 4; lastKnownFileType = sourcecode.swift; path = TPCUMManager.swift; sourceTree = "<group>"; };
		D6DE710C1C2592A300C066DE /* TPCVenusUtil.swift */ = {isa = PBXFileReference; fileEncoding = 4; lastKnownFileType = sourcecode.swift; path = TPCVenusUtil.swift; sourceTree = "<group>"; };
		D6DE710F1C2592A300C066DE /* TPCApplicationTitleView.swift */ = {isa = PBXFileReference; fileEncoding = 4; lastKnownFileType = sourcecode.swift; path = TPCApplicationTitleView.swift; sourceTree = "<group>"; };
		D6DE71101C2592A300C066DE /* TPCGradientLabel.swift */ = {isa = PBXFileReference; fileEncoding = 4; lastKnownFileType = sourcecode.swift; path = TPCGradientLabel.swift; sourceTree = "<group>"; };
		D6DE71111C2592A300C066DE /* TPCGradientView.swift */ = {isa = PBXFileReference; fileEncoding = 4; lastKnownFileType = sourcecode.swift; path = TPCGradientView.swift; sourceTree = "<group>"; };
		D6DE71121C2592A300C066DE /* TPCImageView.swift */ = {isa = PBXFileReference; fileEncoding = 4; lastKnownFileType = sourcecode.swift; path = TPCImageView.swift; sourceTree = "<group>"; };
		D6DE71131C2592A300C066DE /* TPCLaunchScreenView.xib */ = {isa = PBXFileReference; fileEncoding = 4; lastKnownFileType = file.xib; path = TPCLaunchScreenView.xib; sourceTree = "<group>"; };
		D6DE71141C2592A300C066DE /* TPCPageScrollView.swift */ = {isa = PBXFileReference; fileEncoding = 4; lastKnownFileType = sourcecode.swift; path = TPCPageScrollView.swift; sourceTree = "<group>"; };
		D6DE71151C2592A300C066DE /* TPCPopoverView.swift */ = {isa = PBXFileReference; fileEncoding = 4; lastKnownFileType = sourcecode.swift; path = TPCPopoverView.swift; sourceTree = "<group>"; };
		D6DE71161C2592A300C066DE /* TPCRefreshContentsView.xib */ = {isa = PBXFileReference; fileEncoding = 4; lastKnownFileType = file.xib; path = TPCRefreshContentsView.xib; sourceTree = "<group>"; };
		D6DE71171C2592A300C066DE /* TPCRefreshView.swift */ = {isa = PBXFileReference; fileEncoding = 4; lastKnownFileType = sourcecode.swift; path = TPCRefreshView.swift; sourceTree = "<group>"; };
		D6DE71181C2592A300C066DE /* TPCShareView.swift */ = {isa = PBXFileReference; fileEncoding = 4; lastKnownFileType = sourcecode.swift; path = TPCShareView.swift; sourceTree = "<group>"; };
		D6DE71191C2592A300C066DE /* TPCShareView.xib */ = {isa = PBXFileReference; fileEncoding = 4; lastKnownFileType = file.xib; path = TPCShareView.xib; sourceTree = "<group>"; };
		D6DE711A1C2592A300C066DE /* TPCSystemButton.swift */ = {isa = PBXFileReference; fileEncoding = 4; lastKnownFileType = sourcecode.swift; path = TPCSystemButton.swift; sourceTree = "<group>"; };
		D6DE711B1C2592A300C066DE /* TPCWebView.swift */ = {isa = PBXFileReference; fileEncoding = 4; lastKnownFileType = sourcecode.swift; path = TPCWebView.swift; sourceTree = "<group>"; };
		D6DE711C1C2592A300C066DE /* TPCDetailHeaderView.swift */ = {isa = PBXFileReference; fileEncoding = 4; lastKnownFileType = sourcecode.swift; path = TPCDetailHeaderView.swift; sourceTree = "<group>"; };
		D6DE711D1C2592A300C066DE /* TPCDetailViewCell.swift */ = {isa = PBXFileReference; fileEncoding = 4; lastKnownFileType = sourcecode.swift; path = TPCDetailViewCell.swift; sourceTree = "<group>"; };
		D6DE711E1C2592A300C066DE /* TPCLaunchScreenView.swift */ = {isa = PBXFileReference; fileEncoding = 4; lastKnownFileType = sourcecode.swift; path = TPCLaunchScreenView.swift; sourceTree = "<group>"; };
		D6DE711F1C2592A300C066DE /* TPCNoMoreDataFooterView.swift */ = {isa = PBXFileReference; fileEncoding = 4; lastKnownFileType = sourcecode.swift; path = TPCNoMoreDataFooterView.swift; sourceTree = "<group>"; };
		D6DE71201C2592A300C066DE /* TPCNoMoreDataFooterView.xib */ = {isa = PBXFileReference; fileEncoding = 4; lastKnownFileType = file.xib; path = TPCNoMoreDataFooterView.xib; sourceTree = "<group>"; };
		D6DE71211C2592A300C066DE /* TPCSettingCell.swift */ = {isa = PBXFileReference; fileEncoding = 4; lastKnownFileType = sourcecode.swift; path = TPCSettingCell.swift; sourceTree = "<group>"; };
		D6DE71221C2592A300C066DE /* TPCSettingSubCell.swift */ = {isa = PBXFileReference; fileEncoding = 4; lastKnownFileType = sourcecode.swift; path = TPCSettingSubCell.swift; sourceTree = "<group>"; };
		D6DE71231C2592A300C066DE /* TPCTableView.swift */ = {isa = PBXFileReference; fileEncoding = 4; lastKnownFileType = sourcecode.swift; path = TPCTableView.swift; sourceTree = "<group>"; };
		D6DE71241C2592A300C066DE /* TPCTechnicalCell.swift */ = {isa = PBXFileReference; fileEncoding = 4; lastKnownFileType = sourcecode.swift; path = TPCTechnicalCell.swift; sourceTree = "<group>"; };
		D6DE71261C2592A300C066DE /* WKCC.xcdatamodel */ = {isa = PBXFileReference; lastKnownFileType = wrapper.xcdatamodel; path = WKCC.xcdatamodel; sourceTree = "<group>"; };
/* End PBXFileReference section */

/* Begin PBXFrameworksBuildPhase section */
		D6DE6FB61C25904C00C066DE /* Frameworks */ = {
			isa = PBXFrameworksBuildPhase;
			buildActionMask = 2147483647;
			files = (
				12E92B8827A2329C2999802B /* Pods.framework in Frameworks */,
			);
			runOnlyForDeploymentPostprocessing = 0;
		};
/* End PBXFrameworksBuildPhase section */

/* Begin PBXGroup section */
		A44A4B5EBE5BE4FA794A259E /* Frameworks */ = {
			isa = PBXGroup;
			children = (
				7FE7EA0F9A5A525A33C5DAA3 /* Pods.framework */,
			);
			name = Frameworks;
			sourceTree = "<group>";
		};
		A8041A30D1BA3456D5508AD7 /* Pods */ = {
			isa = PBXGroup;
			children = (
				72EE590290576ABFA38A5059 /* Pods.debug.xcconfig */,
				CA83A096E1133C661EE95446 /* Pods.release.xcconfig */,
			);
			name = Pods;
			sourceTree = "<group>";
		};
		D6DE6FB01C25904C00C066DE = {
			isa = PBXGroup;
			children = (
				D6DE6FBB1C25904C00C066DE /* GanHuo */,
				D6DE6FBA1C25904C00C066DE /* Products */,
				A8041A30D1BA3456D5508AD7 /* Pods */,
				A44A4B5EBE5BE4FA794A259E /* Frameworks */,
			);
			sourceTree = "<group>";
		};
		D6DE6FBA1C25904C00C066DE /* Products */ = {
			isa = PBXGroup;
			children = (
				D6DE6FB91C25904C00C066DE /* GanHuo.app */,
			);
			name = Products;
			sourceTree = "<group>";
		};
		D6DE6FBB1C25904C00C066DE /* GanHuo */ = {
			isa = PBXGroup;
			children = (
				D6DE70DC1C2592A300C066DE /* GanHuo */,
			);
			path = GanHuo;
			sourceTree = "<group>";
		};
		D6DE70DC1C2592A300C066DE /* GanHuo */ = {
			isa = PBXGroup;
			children = (
				D6DE70E01C2592A300C066DE /* Controller */,
				D6DE710D1C2592A300C066DE /* View */,
				D6DE70F61C2592A300C066DE /* Model */,
				D6DE71011C2592A300C066DE /* Util */,
				D6DE70ED1C2592A300C066DE /* Extension */,
				D6DE70FE1C2592A300C066DE /* ThirdParty */,
				D6DE70FA1C2592A300C066DE /* Other */,
				D6DE70FD1C2592A300C066DE /* Resource */,
				D6DE71251C2592A300C066DE /* WKCC.xcdatamodeld */,
				D6DE70DD1C2592A300C066DE /* Assets.xcassets */,
				D6DE70DE1C2592A300C066DE /* Main.storyboard */,
				D6DE70F51C2592A300C066DE /* Info.plist */,
			);
			name = GanHuo;
			sourceTree = "<group>";
		};
		D6DE70E01C2592A300C066DE /* Controller */ = {
			isa = PBXGroup;
			children = (
				D6DE70E11C2592A300C066DE /* TPCBroswerViewController.swift */,
				D6DE70E21C2592A300C066DE /* TPCDetailViewController.swift */,
				D6DE70E31C2592A300C066DE /* TPCNavigationController.swift */,
				D6DE70EA1C2592A300C066DE /* TPCSettingViewController.swift */,
				D6DE70EB1C2592A300C066DE /* TPCTechnicalViewController.swift */,
				D6DE70EC1C2592A300C066DE /* TPCViewController.swift */,
				D6DE70E41C2592A300C066DE /* TPCSettingSubController */,
			);
			path = Controller;
			sourceTree = "<group>";
		};
		D6DE70E41C2592A300C066DE /* TPCSettingSubController */ = {
			isa = PBXGroup;
			children = (
				D6DE70E51C2592A300C066DE /* TPCAboutMeController.swift */,
				D6DE70E61C2592A300C066DE /* TPCImageAlphaController.swift */,
				D6DE70E71C2592A300C066DE /* TPCLoadDataCountController.swift */,
				D6DE70E81C2592A300C066DE /* TPCShowCategoryController.swift */,
				D6DE70E91C2592A300C066DE /* TPCShowContentController.swift */,
			);
			path = TPCSettingSubController;
			sourceTree = "<group>";
		};
		D6DE70ED1C2592A300C066DE /* Extension */ = {
			isa = PBXGroup;
			children = (
				D6DE70EE1C2592A300C066DE /* CALayer+Extension.swift */,
				D6DE70EF1C2592A300C066DE /* NSDate+Extension.swift */,
				D6DE70F01C2592A300C066DE /* String+Extension.swift */,
				D6DE70F11C2592A300C066DE /* UIBarButtonItem+Extension.swift */,
				D6DE70F21C2592A300C066DE /* UIButton+Extension.swift */,
				D6DE70F31C2592A300C066DE /* UIFont+Extension.swift */,
				D6DE70F41C2592A300C066DE /* UIImage+Extension.swift */,
			);
			path = Extension;
			sourceTree = "<group>";
		};
		D6DE70F61C2592A300C066DE /* Model */ = {
			isa = PBXGroup;
			children = (
				D6DE70F71C2592A300C066DE /* TPCAboutMe.swift */,
				D6DE70F81C2592A300C066DE /* TPCLaunchConfig.swift */,
				D6DE70F91C2592A300C066DE /* TPCTechnicalObject.swift */,
			);
			path = Model;
			sourceTree = "<group>";
		};
		D6DE70FA1C2592A300C066DE /* Other */ = {
			isa = PBXGroup;
			children = (
				D6DE70FB1C2592A300C066DE /* AppDelegate.swift */,
				D6DE70FC1C2592A300C066DE /* WKCCSwift-Bridging-Header.h */,
			);
			path = Other;
			sourceTree = "<group>";
		};
		D6DE70FD1C2592A300C066DE /* Resource */ = {
			isa = PBXGroup;
			children = (
			);
			path = Resource;
			sourceTree = "<group>";
		};
		D6DE70FE1C2592A300C066DE /* ThirdParty */ = {
			isa = PBXGroup;
			children = (
				D6DE70FF1C2592A300C066DE /* UINavigationController+FDFullscreenPopGesture.h */,
				D6DE71001C2592A300C066DE /* UINavigationController+FDFullscreenPopGesture.m */,
			);
			path = ThirdParty;
			sourceTree = "<group>";
		};
		D6DE71011C2592A300C066DE /* Util */ = {
			isa = PBXGroup;
			children = (
				D6DE71021C2592A300C066DE /* CoreDataManager.swift */,
				D6DE71031C2592A300C066DE /* TPCConfiguration.swift */,
				D6DE71041C2592A300C066DE /* TPCConst.swift */,
				D6DE71051C2592A300C066DE /* TPCDispatchUtil.swift */,
				D6DE71061C2592A300C066DE /* TPCNetworkUtil.swift */,
				D6DE71071C2592A300C066DE /* TPCPhotoUtil.swift */,
				D6DE71081C2592A300C066DE /* TPCShareManager.swift */,
				D6DE71091C2592A300C066DE /* TPCStorageUtil.swift */,
				D6DE710A1C2592A300C066DE /* TPCTextParser.swift */,
				D6DE710B1C2592A300C066DE /* TPCUMManager.swift */,
				D6DE710C1C2592A300C066DE /* TPCVenusUtil.swift */,
			);
			path = Util;
			sourceTree = "<group>";
		};
		D6DE710D1C2592A300C066DE /* View */ = {
			isa = PBXGroup;
			children = (
				D6DE710E1C2592A300C066DE /* CommonView */,
				D6DE711C1C2592A300C066DE /* TPCDetailHeaderView.swift */,
				D6DE711D1C2592A300C066DE /* TPCDetailViewCell.swift */,
				D6DE711E1C2592A300C066DE /* TPCLaunchScreenView.swift */,
				D6DE711F1C2592A300C066DE /* TPCNoMoreDataFooterView.swift */,
				D6DE71201C2592A300C066DE /* TPCNoMoreDataFooterView.xib */,
				D6DE71211C2592A300C066DE /* TPCSettingCell.swift */,
				D6DE71221C2592A300C066DE /* TPCSettingSubCell.swift */,
				D6DE71231C2592A300C066DE /* TPCTableView.swift */,
				D6DE71241C2592A300C066DE /* TPCTechnicalCell.swift */,
			);
			path = View;
			sourceTree = "<group>";
		};
		D6DE710E1C2592A300C066DE /* CommonView */ = {
			isa = PBXGroup;
			children = (
				D6DE710F1C2592A300C066DE /* TPCApplicationTitleView.swift */,
				D6DE71101C2592A300C066DE /* TPCGradientLabel.swift */,
				D6DE71111C2592A300C066DE /* TPCGradientView.swift */,
				D6DE71121C2592A300C066DE /* TPCImageView.swift */,
				D6DE71131C2592A300C066DE /* TPCLaunchScreenView.xib */,
				D6DE71141C2592A300C066DE /* TPCPageScrollView.swift */,
				D6DE71151C2592A300C066DE /* TPCPopoverView.swift */,
				D6DE71161C2592A300C066DE /* TPCRefreshContentsView.xib */,
				D6DE71171C2592A300C066DE /* TPCRefreshView.swift */,
				D6DE71181C2592A300C066DE /* TPCShareView.swift */,
				D6DE71191C2592A300C066DE /* TPCShareView.xib */,
				D6DE711A1C2592A300C066DE /* TPCSystemButton.swift */,
				D6DE711B1C2592A300C066DE /* TPCWebView.swift */,
			);
			path = CommonView;
			sourceTree = "<group>";
		};
/* End PBXGroup section */

/* Begin PBXNativeTarget section */
		D6DE6FB81C25904C00C066DE /* GanHuo */ = {
			isa = PBXNativeTarget;
			buildConfigurationList = D6DE6FCB1C25904C00C066DE /* Build configuration list for PBXNativeTarget "GanHuo" */;
			buildPhases = (
				84192D92F4B24FE85F1A59C1 /* Check Pods Manifest.lock */,
				D6DE6FB51C25904C00C066DE /* Sources */,
				D6DE6FB61C25904C00C066DE /* Frameworks */,
				D6DE6FB71C25904C00C066DE /* Resources */,
				32DF6EF56B9F8C2F840C1183 /* Embed Pods Frameworks */,
				934B3CF33F329FD9B7D98955 /* Copy Pods Resources */,
			);
			buildRules = (
			);
			dependencies = (
			);
			name = GanHuo;
			productName = GanHuo;
			productReference = D6DE6FB91C25904C00C066DE /* GanHuo.app */;
			productType = "com.apple.product-type.application";
		};
/* End PBXNativeTarget section */

/* Begin PBXProject section */
		D6DE6FB11C25904C00C066DE /* Project object */ = {
			isa = PBXProject;
			attributes = {
				LastSwiftUpdateCheck = 0720;
				LastUpgradeCheck = 0720;
				ORGANIZATIONNAME = tripleCC;
				TargetAttributes = {
					D6DE6FB81C25904C00C066DE = {
						CreatedOnToolsVersion = 7.2;
					};
				};
			};
			buildConfigurationList = D6DE6FB41C25904C00C066DE /* Build configuration list for PBXProject "GanHuo" */;
			compatibilityVersion = "Xcode 3.2";
			developmentRegion = English;
			hasScannedForEncodings = 0;
			knownRegions = (
				en,
				Base,
			);
			mainGroup = D6DE6FB01C25904C00C066DE;
			productRefGroup = D6DE6FBA1C25904C00C066DE /* Products */;
			projectDirPath = "";
			projectRoot = "";
			targets = (
				D6DE6FB81C25904C00C066DE /* GanHuo */,
			);
		};
/* End PBXProject section */

/* Begin PBXResourcesBuildPhase section */
		D6DE6FB71C25904C00C066DE /* Resources */ = {
			isa = PBXResourcesBuildPhase;
			buildActionMask = 2147483647;
			files = (
				D6DE71271C2592A300C066DE /* Assets.xcassets in Resources */,
				D6DE715D1C2592A300C066DE /* TPCNoMoreDataFooterView.xib in Resources */,
				D6DE71501C2592A300C066DE /* TPCLaunchScreenView.xib in Resources */,
				D6DE71281C2592A300C066DE /* Main.storyboard in Resources */,
				D6DE713B1C2592A300C066DE /* Info.plist in Resources */,
				D6DE71561C2592A300C066DE /* TPCShareView.xib in Resources */,
				D6DE71531C2592A300C066DE /* TPCRefreshContentsView.xib in Resources */,
			);
			runOnlyForDeploymentPostprocessing = 0;
		};
/* End PBXResourcesBuildPhase section */

/* Begin PBXShellScriptBuildPhase section */
		32DF6EF56B9F8C2F840C1183 /* Embed Pods Frameworks */ = {
			isa = PBXShellScriptBuildPhase;
			buildActionMask = 2147483647;
			files = (
			);
			inputPaths = (
			);
			name = "Embed Pods Frameworks";
			outputPaths = (
			);
			runOnlyForDeploymentPostprocessing = 0;
			shellPath = /bin/sh;
			shellScript = "\"${SRCROOT}/Pods/Target Support Files/Pods/Pods-frameworks.sh\"\n";
			showEnvVarsInLog = 0;
		};
		84192D92F4B24FE85F1A59C1 /* Check Pods Manifest.lock */ = {
			isa = PBXShellScriptBuildPhase;
			buildActionMask = 2147483647;
			files = (
			);
			inputPaths = (
			);
			name = "Check Pods Manifest.lock";
			outputPaths = (
			);
			runOnlyForDeploymentPostprocessing = 0;
			shellPath = /bin/sh;
			shellScript = "diff \"${PODS_ROOT}/../Podfile.lock\" \"${PODS_ROOT}/Manifest.lock\" > /dev/null\nif [[ $? != 0 ]] ; then\n    cat << EOM\nerror: The sandbox is not in sync with the Podfile.lock. Run 'pod install' or update your CocoaPods installation.\nEOM\n    exit 1\nfi\n";
			showEnvVarsInLog = 0;
		};
		934B3CF33F329FD9B7D98955 /* Copy Pods Resources */ = {
			isa = PBXShellScriptBuildPhase;
			buildActionMask = 2147483647;
			files = (
			);
			inputPaths = (
			);
			name = "Copy Pods Resources";
			outputPaths = (
			);
			runOnlyForDeploymentPostprocessing = 0;
			shellPath = /bin/sh;
			shellScript = "\"${SRCROOT}/Pods/Target Support Files/Pods/Pods-resources.sh\"\n";
			showEnvVarsInLog = 0;
		};
/* End PBXShellScriptBuildPhase section */

/* Begin PBXSourcesBuildPhase section */
		D6DE6FB51C25904C00C066DE /* Sources */ = {
			isa = PBXSourcesBuildPhase;
			buildActionMask = 2147483647;
			files = (
				D6DE713F1C2592A300C066DE /* AppDelegate.swift in Sources */,
				D6DE714C1C2592A300C066DE /* TPCApplicationTitleView.swift in Sources */,
				D6DE71431C2592A300C066DE /* TPCConst.swift in Sources */,
				D6DE71301C2592A300C066DE /* TPCShowContentController.swift in Sources */,
				D6DE71521C2592A300C066DE /* TPCPopoverView.swift in Sources */,
				D6DE712F1C2592A300C066DE /* TPCShowCategoryController.swift in Sources */,
				D6DE71421C2592A300C066DE /* TPCConfiguration.swift in Sources */,
				D6DE71291C2592A300C066DE /* TPCBroswerViewController.swift in Sources */,
				D6DE71571C2592A300C066DE /* TPCSystemButton.swift in Sources */,
				D6DE713A1C2592A300C066DE /* UIImage+Extension.swift in Sources */,
				D6DE71491C2592A300C066DE /* TPCTextParser.swift in Sources */,
				D6DE71331C2592A300C066DE /* TPCViewController.swift in Sources */,
				D6DE71411C2592A300C066DE /* CoreDataManager.swift in Sources */,
				D6DE71461C2592A300C066DE /* TPCPhotoUtil.swift in Sources */,
				D6DE714B1C2592A300C066DE /* TPCVenusUtil.swift in Sources */,
				D6DE71611C2592A300C066DE /* TPCTechnicalCell.swift in Sources */,
				D6DE712C1C2592A300C066DE /* TPCAboutMeController.swift in Sources */,
				D6DE714D1C2592A300C066DE /* TPCGradientLabel.swift in Sources */,
				D6DE71541C2592A300C066DE /* TPCRefreshView.swift in Sources */,
				D6DE714E1C2592A300C066DE /* TPCGradientView.swift in Sources */,
				D6DE715C1C2592A300C066DE /* TPCNoMoreDataFooterView.swift in Sources */,
				D6DE71551C2592A300C066DE /* TPCShareView.swift in Sources */,
				D6DE714F1C2592A300C066DE /* TPCImageView.swift in Sources */,
				D6DE71381C2592A300C066DE /* UIButton+Extension.swift in Sources */,
				D6DE715B1C2592A300C066DE /* TPCLaunchScreenView.swift in Sources */,
				D6DE713C1C2592A300C066DE /* TPCAboutMe.swift in Sources */,
				D6DE712E1C2592A300C066DE /* TPCLoadDataCountController.swift in Sources */,
				D6DE71311C2592A300C066DE /* TPCSettingViewController.swift in Sources */,
				D6DE71371C2592A300C066DE /* UIBarButtonItem+Extension.swift in Sources */,
				D6DE713E1C2592A300C066DE /* TPCTechnicalObject.swift in Sources */,
				D6DE712B1C2592A300C066DE /* TPCNavigationController.swift in Sources */,
				D6DE713D1C2592A300C066DE /* TPCLaunchConfig.swift in Sources */,
				D6DE71441C2592A300C066DE /* TPCDispatchUtil.swift in Sources */,
				D6DE71601C2592A300C066DE /* TPCTableView.swift in Sources */,
				D6DE71401C2592A300C066DE /* UINavigationController+FDFullscreenPopGesture.m in Sources */,
				D6DE71591C2592A300C066DE /* TPCDetailHeaderView.swift in Sources */,
				D6DE71581C2592A300C066DE /* TPCWebView.swift in Sources */,
				D6DE715F1C2592A300C066DE /* TPCSettingSubCell.swift in Sources */,
				D6DE71481C2592A300C066DE /* TPCStorageUtil.swift in Sources */,
				D6DE715E1C2592A300C066DE /* TPCSettingCell.swift in Sources */,
				D6DE71391C2592A300C066DE /* UIFont+Extension.swift in Sources */,
				D6DE71361C2592A300C066DE /* String+Extension.swift in Sources */,
				D6DE712A1C2592A300C066DE /* TPCDetailViewController.swift in Sources */,
				D6DE715A1C2592A300C066DE /* TPCDetailViewCell.swift in Sources */,
				D6DE71321C2592A300C066DE /* TPCTechnicalViewController.swift in Sources */,
				D6DE712D1C2592A300C066DE /* TPCImageAlphaController.swift in Sources */,
				D6DE71621C2592A300C066DE /* WKCC.xcdatamodeld in Sources */,
				D6DE71511C2592A300C066DE /* TPCPageScrollView.swift in Sources */,
				D6DE714A1C2592A300C066DE /* TPCUMManager.swift in Sources */,
				D6DE71341C2592A300C066DE /* CALayer+Extension.swift in Sources */,
				D6DE71471C2592A300C066DE /* TPCShareManager.swift in Sources */,
				D6DE71451C2592A300C066DE /* TPCNetworkUtil.swift in Sources */,
				D6DE71351C2592A300C066DE /* NSDate+Extension.swift in Sources */,
			);
			runOnlyForDeploymentPostprocessing = 0;
		};
/* End PBXSourcesBuildPhase section */

/* Begin PBXVariantGroup section */
		D6DE70DE1C2592A300C066DE /* Main.storyboard */ = {
			isa = PBXVariantGroup;
			children = (
				D6DE70DF1C2592A300C066DE /* Base */,
			);
			name = Main.storyboard;
			sourceTree = "<group>";
		};
/* End PBXVariantGroup section */

/* Begin XCBuildConfiguration section */
		D6DE6FC91C25904C00C066DE /* Debug */ = {
			isa = XCBuildConfiguration;
			buildSettings = {
				ALWAYS_SEARCH_USER_PATHS = NO;
				CLANG_CXX_LANGUAGE_STANDARD = "gnu++0x";
				CLANG_CXX_LIBRARY = "libc++";
				CLANG_ENABLE_MODULES = YES;
				CLANG_ENABLE_OBJC_ARC = YES;
				CLANG_WARN_BOOL_CONVERSION = YES;
				CLANG_WARN_CONSTANT_CONVERSION = YES;
				CLANG_WARN_DIRECT_OBJC_ISA_USAGE = YES_ERROR;
				CLANG_WARN_EMPTY_BODY = YES;
				CLANG_WARN_ENUM_CONVERSION = YES;
				CLANG_WARN_INT_CONVERSION = YES;
				CLANG_WARN_OBJC_ROOT_CLASS = YES_ERROR;
				CLANG_WARN_UNREACHABLE_CODE = YES;
				CLANG_WARN__DUPLICATE_METHOD_MATCH = YES;
				"CODE_SIGN_IDENTITY[sdk=iphoneos*]" = "iPhone Developer";
				COPY_PHASE_STRIP = NO;
				DEBUG_INFORMATION_FORMAT = dwarf;
				ENABLE_STRICT_OBJC_MSGSEND = YES;
				ENABLE_TESTABILITY = YES;
				GCC_C_LANGUAGE_STANDARD = gnu99;
				GCC_DYNAMIC_NO_PIC = NO;
				GCC_NO_COMMON_BLOCKS = YES;
				GCC_OPTIMIZATION_LEVEL = 0;
				GCC_PREPROCESSOR_DEFINITIONS = (
					"DEBUG=1",
					"$(inherited)",
				);
				GCC_WARN_64_TO_32_BIT_CONVERSION = YES;
				GCC_WARN_ABOUT_RETURN_TYPE = YES_ERROR;
				GCC_WARN_UNDECLARED_SELECTOR = YES;
				GCC_WARN_UNINITIALIZED_AUTOS = YES_AGGRESSIVE;
				GCC_WARN_UNUSED_FUNCTION = YES;
				GCC_WARN_UNUSED_VARIABLE = YES;
				IPHONEOS_DEPLOYMENT_TARGET = 9.2;
				MTL_ENABLE_DEBUG_INFO = YES;
				ONLY_ACTIVE_ARCH = YES;
				SDKROOT = iphoneos;
				SWIFT_OPTIMIZATION_LEVEL = "-Onone";
			};
			name = Debug;
		};
		D6DE6FCA1C25904C00C066DE /* Release */ = {
			isa = XCBuildConfiguration;
			buildSettings = {
				ALWAYS_SEARCH_USER_PATHS = NO;
				CLANG_CXX_LANGUAGE_STANDARD = "gnu++0x";
				CLANG_CXX_LIBRARY = "libc++";
				CLANG_ENABLE_MODULES = YES;
				CLANG_ENABLE_OBJC_ARC = YES;
				CLANG_WARN_BOOL_CONVERSION = YES;
				CLANG_WARN_CONSTANT_CONVERSION = YES;
				CLANG_WARN_DIRECT_OBJC_ISA_USAGE = YES_ERROR;
				CLANG_WARN_EMPTY_BODY = YES;
				CLANG_WARN_ENUM_CONVERSION = YES;
				CLANG_WARN_INT_CONVERSION = YES;
				CLANG_WARN_OBJC_ROOT_CLASS = YES_ERROR;
				CLANG_WARN_UNREACHABLE_CODE = YES;
				CLANG_WARN__DUPLICATE_METHOD_MATCH = YES;
				"CODE_SIGN_IDENTITY[sdk=iphoneos*]" = "iPhone Developer";
				COPY_PHASE_STRIP = NO;
				DEBUG_INFORMATION_FORMAT = "dwarf-with-dsym";
				ENABLE_NS_ASSERTIONS = NO;
				ENABLE_STRICT_OBJC_MSGSEND = YES;
				GCC_C_LANGUAGE_STANDARD = gnu99;
				GCC_NO_COMMON_BLOCKS = YES;
				GCC_WARN_64_TO_32_BIT_CONVERSION = YES;
				GCC_WARN_ABOUT_RETURN_TYPE = YES_ERROR;
				GCC_WARN_UNDECLARED_SELECTOR = YES;
				GCC_WARN_UNINITIALIZED_AUTOS = YES_AGGRESSIVE;
				GCC_WARN_UNUSED_FUNCTION = YES;
				GCC_WARN_UNUSED_VARIABLE = YES;
				IPHONEOS_DEPLOYMENT_TARGET = 9.2;
				MTL_ENABLE_DEBUG_INFO = NO;
				SDKROOT = iphoneos;
				VALIDATE_PRODUCT = YES;
			};
			name = Release;
		};
		D6DE6FCC1C25904C00C066DE /* Debug */ = {
			isa = XCBuildConfiguration;
			baseConfigurationReference = 72EE590290576ABFA38A5059 /* Pods.debug.xcconfig */;
			buildSettings = {
				ASSETCATALOG_COMPILER_APPICON_NAME = AppIcon;
				ASSETCATALOG_COMPILER_LAUNCHIMAGE_NAME = LaunchImage;
				INFOPLIST_FILE = "$(SRCROOT)/GanHuo/Info.plist";
				IPHONEOS_DEPLOYMENT_TARGET = 9.0;
				LD_RUNPATH_SEARCH_PATHS = "$(inherited) @executable_path/Frameworks";
				PRODUCT_BUNDLE_IDENTIFIER = com.triplec.GanHuo;
				PRODUCT_NAME = "$(TARGET_NAME)";
				SWIFT_OBJC_BRIDGING_HEADER = "GanHuo/Other/WKCCSwift-Bridging-Header.h";
			};
			name = Debug;
		};
		D6DE6FCD1C25904C00C066DE /* Release */ = {
			isa = XCBuildConfiguration;
			baseConfigurationReference = CA83A096E1133C661EE95446 /* Pods.release.xcconfig */;
			buildSettings = {
				ASSETCATALOG_COMPILER_APPICON_NAME = AppIcon;
				ASSETCATALOG_COMPILER_LAUNCHIMAGE_NAME = LaunchImage;
				INFOPLIST_FILE = "$(SRCROOT)/GanHuo/Info.plist";
				IPHONEOS_DEPLOYMENT_TARGET = 9.0;
				LD_RUNPATH_SEARCH_PATHS = "$(inherited) @executable_path/Frameworks";
				PRODUCT_BUNDLE_IDENTIFIER = com.triplec.GanHuo;
				PRODUCT_NAME = "$(TARGET_NAME)";
				SWIFT_OBJC_BRIDGING_HEADER = "GanHuo/Other/WKCCSwift-Bridging-Header.h";
			};
			name = Release;
		};
/* End XCBuildConfiguration section */

/* Begin XCConfigurationList section */
		D6DE6FB41C25904C00C066DE /* Build configuration list for PBXProject "GanHuo" */ = {
			isa = XCConfigurationList;
			buildConfigurations = (
				D6DE6FC91C25904C00C066DE /* Debug */,
				D6DE6FCA1C25904C00C066DE /* Release */,
			);
			defaultConfigurationIsVisible = 0;
			defaultConfigurationName = Release;
		};
		D6DE6FCB1C25904C00C066DE /* Build configuration list for PBXNativeTarget "GanHuo" */ = {
			isa = XCConfigurationList;
			buildConfigurations = (
				D6DE6FCC1C25904C00C066DE /* Debug */,
				D6DE6FCD1C25904C00C066DE /* Release */,
			);
			defaultConfigurationIsVisible = 0;
			defaultConfigurationName = Release;
		};
/* End XCConfigurationList section */

/* Begin XCVersionGroup section */
		D6DE71251C2592A300C066DE /* WKCC.xcdatamodeld */ = {
			isa = XCVersionGroup;
			children = (
				D6DE71261C2592A300C066DE /* WKCC.xcdatamodel */,
			);
			currentVersion = D6DE71261C2592A300C066DE /* WKCC.xcdatamodel */;
			path = WKCC.xcdatamodeld;
			sourceTree = "<group>";
			versionGroupType = wrapper.xcdatamodel;
		};
/* End XCVersionGroup section */
	};
	rootObject = D6DE6FB11C25904C00C066DE /* Project object */;
}
