// !$*UTF8*$!
{
	archiveVersion = 1;
	classes = {
	};
	objectVersion = 46;
	objects = {

/* Begin PBXBuildFile section */
		12E92B8827A2329C2999802B /* Pods.framework in Frameworks */ = {isa = PBXBuildFile; fileRef = 7FE7EA0F9A5A525A33C5DAA3 /* Pods.framework */; };
		D60D12BF1C8D399300C84D4C /* TPCCategoryDataSource.swift in Sources */ = {isa = PBXBuildFile; fileRef = D60D12BE1C8D399300C84D4C /* TPCCategoryDataSource.swift */; };
		D61A92551C8AC82900FD594C /* GanHuoObject+CoreDataProperties.swift in Sources */ = {isa = PBXBuildFile; fileRef = D61A92531C8AC82900FD594C /* GanHuoObject+CoreDataProperties.swift */; };
		D61A92561C8AC82900FD594C /* GanHuoObject.swift in Sources */ = {isa = PBXBuildFile; fileRef = D61A92541C8AC82900FD594C /* GanHuoObject.swift */; };
		D61CC8DE1C8DBC3000EDE97D /* TPCMarkReadView.swift in Sources */ = {isa = PBXBuildFile; fileRef = D61CC8DD1C8DBC3000EDE97D /* TPCMarkReadView.swift */; };
		D65156551C85AD4E005B161B /* TPCSelectHeaderView.swift in Sources */ = {isa = PBXBuildFile; fileRef = D65156541C85AD4E005B161B /* TPCSelectHeaderView.swift */; };
		D6544A1F1C93C4CE0094DB3F /* UIScrollView+Extension.swift in Sources */ = {isa = PBXBuildFile; fileRef = D6544A1E1C93C4CE0094DB3F /* UIScrollView+Extension.swift */; };
		D65AA09B1C8A872A00A8C308 /* TPCCategoryViewCell.swift in Sources */ = {isa = PBXBuildFile; fileRef = D65AA0991C8A872A00A8C308 /* TPCCategoryViewCell.swift */; };
		D65AA09C1C8A872A00A8C308 /* TPCCategoryViewCell.xib in Resources */ = {isa = PBXBuildFile; fileRef = D65AA09A1C8A872A00A8C308 /* TPCCategoryViewCell.xib */; };
		D667F9F11C53B19D0059F372 /* TPCArchivable.swift in Sources */ = {isa = PBXBuildFile; fileRef = D667F9F01C53B19D0059F372 /* TPCArchivable.swift */; };
		D667F9F91C5518920059F372 /* NSCalender+Extension.swift in Sources */ = {isa = PBXBuildFile; fileRef = D667F9F81C5518920059F372 /* NSCalender+Extension.swift */; };
		D66C25BF1C53A13200E7D6A6 /* TPCRefreshable.swift in Sources */ = {isa = PBXBuildFile; fileRef = D66C25BE1C53A13200E7D6A6 /* TPCRefreshable.swift */; };
		D66C25C11C53A31600E7D6A6 /* TPCActivityIndicator.swift in Sources */ = {isa = PBXBuildFile; fileRef = D66C25C01C53A31600E7D6A6 /* TPCActivityIndicator.swift */; };
		D67CED971C85DE3600A38B0B /* TPCCategoryViewController.swift in Sources */ = {isa = PBXBuildFile; fileRef = D67CED961C85DE3600A38B0B /* TPCCategoryViewController.swift */; };
		D67CED991C85EE6B00A38B0B /* TPCSubCategoryViewController.swift in Sources */ = {isa = PBXBuildFile; fileRef = D67CED981C85EE6B00A38B0B /* TPCSubCategoryViewController.swift */; };
		D69797E61C2FBCA500A53CD2 /* UIViewController+Extension.swift in Sources */ = {isa = PBXBuildFile; fileRef = D69797E51C2FBCA500A53CD2 /* UIViewController+Extension.swift */; };
		D6C0E2BC1C871F5F0033EAFB /* TPCFetchedResultsDataSource.swift in Sources */ = {isa = PBXBuildFile; fileRef = D6C0E2BB1C871F5E0033EAFB /* TPCFetchedResultsDataSource.swift */; };
		D6C0E2BE1C872EBE0033EAFB /* UIColor+Extension.swift in Sources */ = {isa = PBXBuildFile; fileRef = D6C0E2BD1C872EBE0033EAFB /* UIColor+Extension.swift */; };
		D6D8BF4C1C82D26F00CCA370 /* Main.storyboard in Resources */ = {isa = PBXBuildFile; fileRef = D6D8BF4A1C82D26F00CCA370 /* Main.storyboard */; };
		D6D8BF861C82EB6600CCA370 /* TPCNavigationController.swift in Sources */ = {isa = PBXBuildFile; fileRef = D6D8BF781C82EB6600CCA370 /* TPCNavigationController.swift */; };
		D6D8BF871C82EB6600CCA370 /* TPCViewController.swift in Sources */ = {isa = PBXBuildFile; fileRef = D6D8BF791C82EB6600CCA370 /* TPCViewController.swift */; };
		D6D8BF881C82EB6600CCA370 /* TPCBroswerViewController.swift in Sources */ = {isa = PBXBuildFile; fileRef = D6D8BF7B1C82EB6600CCA370 /* TPCBroswerViewController.swift */; };
		D6D8BF891C82EB6600CCA370 /* TPCDetailViewController.swift in Sources */ = {isa = PBXBuildFile; fileRef = D6D8BF7D1C82EB6600CCA370 /* TPCDetailViewController.swift */; };
		D6D8BF8A1C82EB6600CCA370 /* TPCTechnicalViewController.swift in Sources */ = {isa = PBXBuildFile; fileRef = D6D8BF7E1C82EB6600CCA370 /* TPCTechnicalViewController.swift */; };
		D6D8BF8B1C82EB6600CCA370 /* TPCAboutMeController.swift in Sources */ = {isa = PBXBuildFile; fileRef = D6D8BF801C82EB6600CCA370 /* TPCAboutMeController.swift */; };
		D6D8BF8C1C82EB6600CCA370 /* TPCImageAlphaController.swift in Sources */ = {isa = PBXBuildFile; fileRef = D6D8BF811C82EB6600CCA370 /* TPCImageAlphaController.swift */; };
		D6D8BF8D1C82EB6600CCA370 /* TPCLoadDataCountController.swift in Sources */ = {isa = PBXBuildFile; fileRef = D6D8BF821C82EB6600CCA370 /* TPCLoadDataCountController.swift */; };
		D6D8BF8E1C82EB6600CCA370 /* TPCSettingViewController.swift in Sources */ = {isa = PBXBuildFile; fileRef = D6D8BF831C82EB6600CCA370 /* TPCSettingViewController.swift */; };
		D6D8BF8F1C82EB6600CCA370 /* TPCShowCategoryController.swift in Sources */ = {isa = PBXBuildFile; fileRef = D6D8BF841C82EB6600CCA370 /* TPCShowCategoryController.swift */; };
		D6D8BF901C82EB6600CCA370 /* TPCShowContentController.swift in Sources */ = {isa = PBXBuildFile; fileRef = D6D8BF851C82EB6600CCA370 /* TPCShowContentController.swift */; };
		D6D8BFAF1C82EB7000CCA370 /* TPCGradientLabel.swift in Sources */ = {isa = PBXBuildFile; fileRef = D6D8BF931C82EB7000CCA370 /* TPCGradientLabel.swift */; };
		D6D8BFB01C82EB7000CCA370 /* TPCGradientView.swift in Sources */ = {isa = PBXBuildFile; fileRef = D6D8BF941C82EB7000CCA370 /* TPCGradientView.swift */; };
		D6D8BFB11C82EB7000CCA370 /* TPCImageView.swift in Sources */ = {isa = PBXBuildFile; fileRef = D6D8BF951C82EB7000CCA370 /* TPCImageView.swift */; };
		D6D8BFB21C82EB7000CCA370 /* TPCLinkButton.swift in Sources */ = {isa = PBXBuildFile; fileRef = D6D8BF961C82EB7000CCA370 /* TPCLinkButton.swift */; };
		D6D8BFB31C82EB7000CCA370 /* TPCNoMoreDataFooterView.swift in Sources */ = {isa = PBXBuildFile; fileRef = D6D8BF971C82EB7000CCA370 /* TPCNoMoreDataFooterView.swift */; };
		D6D8BFB41C82EB7000CCA370 /* TPCNoMoreDataFooterView.xib in Resources */ = {isa = PBXBuildFile; fileRef = D6D8BF981C82EB7000CCA370 /* TPCNoMoreDataFooterView.xib */; };
		D6D8BFB51C82EB7000CCA370 /* TPCPageScrollView.swift in Sources */ = {isa = PBXBuildFile; fileRef = D6D8BF991C82EB7000CCA370 /* TPCPageScrollView.swift */; };
		D6D8BFB61C82EB7000CCA370 /* TPCPopoverView.swift in Sources */ = {isa = PBXBuildFile; fileRef = D6D8BF9A1C82EB7000CCA370 /* TPCPopoverView.swift */; };
		D6D8BFB71C82EB7000CCA370 /* TPCRefreshContentsView.xib in Resources */ = {isa = PBXBuildFile; fileRef = D6D8BF9B1C82EB7000CCA370 /* TPCRefreshContentsView.xib */; };
		D6D8BFB81C82EB7000CCA370 /* TPCRefreshView.swift in Sources */ = {isa = PBXBuildFile; fileRef = D6D8BF9C1C82EB7000CCA370 /* TPCRefreshView.swift */; };
		D6D8BFB91C82EB7000CCA370 /* TPCShareView.swift in Sources */ = {isa = PBXBuildFile; fileRef = D6D8BF9D1C82EB7000CCA370 /* TPCShareView.swift */; };
		D6D8BFBA1C82EB7000CCA370 /* TPCShareView.xib in Resources */ = {isa = PBXBuildFile; fileRef = D6D8BF9E1C82EB7000CCA370 /* TPCShareView.xib */; };
		D6D8BFBB1C82EB7000CCA370 /* TPCSystemButton.swift in Sources */ = {isa = PBXBuildFile; fileRef = D6D8BF9F1C82EB7000CCA370 /* TPCSystemButton.swift */; };
		D6D8BFBC1C82EB7000CCA370 /* TPCTableView.swift in Sources */ = {isa = PBXBuildFile; fileRef = D6D8BFA01C82EB7000CCA370 /* TPCTableView.swift */; };
		D6D8BFBD1C82EB7000CCA370 /* TPCUpdateView.swift in Sources */ = {isa = PBXBuildFile; fileRef = D6D8BFA11C82EB7000CCA370 /* TPCUpdateView.swift */; };
		D6D8BFBE1C82EB7000CCA370 /* TPCUpdateView.xib in Resources */ = {isa = PBXBuildFile; fileRef = D6D8BFA21C82EB7000CCA370 /* TPCUpdateView.xib */; };
		D6D8BFBF1C82EB7000CCA370 /* TPCWebView.swift in Sources */ = {isa = PBXBuildFile; fileRef = D6D8BFA31C82EB7000CCA370 /* TPCWebView.swift */; };
		D6D8BFC01C82EB7000CCA370 /* TPCDetailHeaderView.swift in Sources */ = {isa = PBXBuildFile; fileRef = D6D8BFA51C82EB7000CCA370 /* TPCDetailHeaderView.swift */; };
		D6D8BFC11C82EB7000CCA370 /* TPCDetailViewCell.swift in Sources */ = {isa = PBXBuildFile; fileRef = D6D8BFA61C82EB7000CCA370 /* TPCDetailViewCell.swift */; };
		D6D8BFC21C82EB7000CCA370 /* TPCTechnicalCell.swift in Sources */ = {isa = PBXBuildFile; fileRef = D6D8BFA71C82EB7000CCA370 /* TPCTechnicalCell.swift */; };
		D6D8BFC31C82EB7000CCA370 /* TPCApplicationTitleView.swift in Sources */ = {isa = PBXBuildFile; fileRef = D6D8BFA91C82EB7000CCA370 /* TPCApplicationTitleView.swift */; };
		D6D8BFC41C82EB7000CCA370 /* TPCLaunchScreenView.swift in Sources */ = {isa = PBXBuildFile; fileRef = D6D8BFAA1C82EB7000CCA370 /* TPCLaunchScreenView.swift */; };
		D6D8BFC51C82EB7000CCA370 /* TPCLaunchScreenView.xib in Resources */ = {isa = PBXBuildFile; fileRef = D6D8BFAB1C82EB7000CCA370 /* TPCLaunchScreenView.xib */; };
		D6D8BFC61C82EB7000CCA370 /* TPCSettingCell.swift in Sources */ = {isa = PBXBuildFile; fileRef = D6D8BFAD1C82EB7000CCA370 /* TPCSettingCell.swift */; };
		D6D8BFC71C82EB7000CCA370 /* TPCSettingSubCell.swift in Sources */ = {isa = PBXBuildFile; fileRef = D6D8BFAE1C82EB7000CCA370 /* TPCSettingSubCell.swift */; };
		D6D8BFCD1C82EB7700CCA370 /* TPCAboutMe.swift in Sources */ = {isa = PBXBuildFile; fileRef = D6D8BFC91C82EB7700CCA370 /* TPCAboutMe.swift */; };
		D6D8BFCE1C82EB7700CCA370 /* TPCLaunchConfig.swift in Sources */ = {isa = PBXBuildFile; fileRef = D6D8BFCA1C82EB7700CCA370 /* TPCLaunchConfig.swift */; };
		D6D8BFD01C82EB7700CCA370 /* TPCTechnicalObject.swift in Sources */ = {isa = PBXBuildFile; fileRef = D6D8BFCC1C82EB7700CCA370 /* TPCTechnicalObject.swift */; };
		D6D8BFD51C82ECB900CCA370 /* TPCTabBarController.swift in Sources */ = {isa = PBXBuildFile; fileRef = D6D8BFD41C82ECB900CCA370 /* TPCTabBarController.swift */; };
		D6D8BFDE1C8347E600CCA370 /* Category.storyboard in Resources */ = {isa = PBXBuildFile; fileRef = D6D8BFDC1C8347E600CCA370 /* Category.storyboard */; };
		D6DE71271C2592A300C066DE /* Assets.xcassets in Resources */ = {isa = PBXBuildFile; fileRef = D6DE70DD1C2592A300C066DE /* Assets.xcassets */; };
		D6DE71281C2592A300C066DE /* HomePage.storyboard in Resources */ = {isa = PBXBuildFile; fileRef = D6DE70DE1C2592A300C066DE /* HomePage.storyboard */; };
		D6DE71341C2592A300C066DE /* CALayer+Extension.swift in Sources */ = {isa = PBXBuildFile; fileRef = D6DE70EE1C2592A300C066DE /* CALayer+Extension.swift */; };
		D6DE71351C2592A300C066DE /* NSDate+Extension.swift in Sources */ = {isa = PBXBuildFile; fileRef = D6DE70EF1C2592A300C066DE /* NSDate+Extension.swift */; };
		D6DE71361C2592A300C066DE /* String+Extension.swift in Sources */ = {isa = PBXBuildFile; fileRef = D6DE70F01C2592A300C066DE /* String+Extension.swift */; };
		D6DE71371C2592A300C066DE /* UIBarButtonItem+Extension.swift in Sources */ = {isa = PBXBuildFile; fileRef = D6DE70F11C2592A300C066DE /* UIBarButtonItem+Extension.swift */; };
		D6DE71381C2592A300C066DE /* UIButton+Extension.swift in Sources */ = {isa = PBXBuildFile; fileRef = D6DE70F21C2592A300C066DE /* UIButton+Extension.swift */; };
		D6DE71391C2592A300C066DE /* UIFont+Extension.swift in Sources */ = {isa = PBXBuildFile; fileRef = D6DE70F31C2592A300C066DE /* UIFont+Extension.swift */; };
		D6DE713A1C2592A300C066DE /* UIImage+Extension.swift in Sources */ = {isa = PBXBuildFile; fileRef = D6DE70F41C2592A300C066DE /* UIImage+Extension.swift */; };
		D6DE713F1C2592A300C066DE /* AppDelegate.swift in Sources */ = {isa = PBXBuildFile; fileRef = D6DE70FB1C2592A300C066DE /* AppDelegate.swift */; };
		D6DE71401C2592A300C066DE /* UINavigationController+FDFullscreenPopGesture.m in Sources */ = {isa = PBXBuildFile; fileRef = D6DE71001C2592A300C066DE /* UINavigationController+FDFullscreenPopGesture.m */; };
		D6DE71411C2592A300C066DE /* TPCCoreDataManager.swift in Sources */ = {isa = PBXBuildFile; fileRef = D6DE71021C2592A300C066DE /* TPCCoreDataManager.swift */; };
		D6DE71421C2592A300C066DE /* TPCConfiguration.swift in Sources */ = {isa = PBXBuildFile; fileRef = D6DE71031C2592A300C066DE /* TPCConfiguration.swift */; };
		D6DE71431C2592A300C066DE /* TPCConst.swift in Sources */ = {isa = PBXBuildFile; fileRef = D6DE71041C2592A300C066DE /* TPCConst.swift */; };
		D6DE71441C2592A300C066DE /* TPCDispatchUtil.swift in Sources */ = {isa = PBXBuildFile; fileRef = D6DE71051C2592A300C066DE /* TPCDispatchUtil.swift */; };
		D6DE71451C2592A300C066DE /* TPCNetworkUtil.swift in Sources */ = {isa = PBXBuildFile; fileRef = D6DE71061C2592A300C066DE /* TPCNetworkUtil.swift */; };
		D6DE71461C2592A300C066DE /* TPCPhotoUtil.swift in Sources */ = {isa = PBXBuildFile; fileRef = D6DE71071C2592A300C066DE /* TPCPhotoUtil.swift */; };
		D6DE71471C2592A300C066DE /* TPCShareManager.swift in Sources */ = {isa = PBXBuildFile; fileRef = D6DE71081C2592A300C066DE /* TPCShareManager.swift */; };
		D6DE71481C2592A300C066DE /* TPCStorageUtil.swift in Sources */ = {isa = PBXBuildFile; fileRef = D6DE71091C2592A300C066DE /* TPCStorageUtil.swift */; };
		D6DE71491C2592A300C066DE /* TPCTextParser.swift in Sources */ = {isa = PBXBuildFile; fileRef = D6DE710A1C2592A300C066DE /* TPCTextParser.swift */; };
		D6DE714A1C2592A300C066DE /* TPCUMManager.swift in Sources */ = {isa = PBXBuildFile; fileRef = D6DE710B1C2592A300C066DE /* TPCUMManager.swift */; };
		D6DE714B1C2592A300C066DE /* TPCVenusUtil.swift in Sources */ = {isa = PBXBuildFile; fileRef = D6DE710C1C2592A300C066DE /* TPCVenusUtil.swift */; };
		D6DE71621C2592A300C066DE /* WKCC.xcdatamodeld in Sources */ = {isa = PBXBuildFile; fileRef = D6DE71251C2592A300C066DE /* WKCC.xcdatamodeld */; };
		D6DE71681C259EE900C066DE /* TPCVersionUtil.swift in Sources */ = {isa = PBXBuildFile; fileRef = D6DE71671C259EE900C066DE /* TPCVersionUtil.swift */; };
		D6E504D31C2C1D9C00838446 /* AboutMe.json in Resources */ = {isa = PBXBuildFile; fileRef = D6E504D21C2C1D9C00838446 /* AboutMe.json */; };
/* End PBXBuildFile section */

/* Begin PBXFileReference section */
		72EE590290576ABFA38A5059 /* Pods.debug.xcconfig */ = {isa = PBXFileReference; includeInIndex = 1; lastKnownFileType = text.xcconfig; name = Pods.debug.xcconfig; path = "Pods/Target Support Files/Pods/Pods.debug.xcconfig"; sourceTree = "<group>"; };
		7FE7EA0F9A5A525A33C5DAA3 /* Pods.framework */ = {isa = PBXFileReference; explicitFileType = wrapper.framework; includeInIndex = 0; path = Pods.framework; sourceTree = BUILT_PRODUCTS_DIR; };
		CA83A096E1133C661EE95446 /* Pods.release.xcconfig */ = {isa = PBXFileReference; includeInIndex = 1; lastKnownFileType = text.xcconfig; name = Pods.release.xcconfig; path = "Pods/Target Support Files/Pods/Pods.release.xcconfig"; sourceTree = "<group>"; };
		D60D12BE1C8D399300C84D4C /* TPCCategoryDataSource.swift */ = {isa = PBXFileReference; fileEncoding = 4; lastKnownFileType = sourcecode.swift; path = TPCCategoryDataSource.swift; sourceTree = "<group>"; };
		D61A92531C8AC82900FD594C /* GanHuoObject+CoreDataProperties.swift */ = {isa = PBXFileReference; fileEncoding = 4; lastKnownFileType = sourcecode.swift; path = "GanHuoObject+CoreDataProperties.swift"; sourceTree = "<group>"; };
		D61A92541C8AC82900FD594C /* GanHuoObject.swift */ = {isa = PBXFileReference; fileEncoding = 4; lastKnownFileType = sourcecode.swift; path = GanHuoObject.swift; sourceTree = "<group>"; };
		D61CC8DD1C8DBC3000EDE97D /* TPCMarkReadView.swift */ = {isa = PBXFileReference; fileEncoding = 4; lastKnownFileType = sourcecode.swift; path = TPCMarkReadView.swift; sourceTree = "<group>"; };
		D65156541C85AD4E005B161B /* TPCSelectHeaderView.swift */ = {isa = PBXFileReference; fileEncoding = 4; lastKnownFileType = sourcecode.swift; path = TPCSelectHeaderView.swift; sourceTree = "<group>"; };
		D6544A1E1C93C4CE0094DB3F /* UIScrollView+Extension.swift */ = {isa = PBXFileReference; fileEncoding = 4; lastKnownFileType = sourcecode.swift; path = "UIScrollView+Extension.swift"; sourceTree = "<group>"; };
		D65AA0991C8A872A00A8C308 /* TPCCategoryViewCell.swift */ = {isa = PBXFileReference; fileEncoding = 4; lastKnownFileType = sourcecode.swift; path = TPCCategoryViewCell.swift; sourceTree = "<group>"; };
		D65AA09A1C8A872A00A8C308 /* TPCCategoryViewCell.xib */ = {isa = PBXFileReference; fileEncoding = 4; lastKnownFileType = file.xib; path = TPCCategoryViewCell.xib; sourceTree = "<group>"; };
		D667F9F01C53B19D0059F372 /* TPCArchivable.swift */ = {isa = PBXFileReference; fileEncoding = 4; lastKnownFileType = sourcecode.swift; path = TPCArchivable.swift; sourceTree = "<group>"; };
		D667F9F81C5518920059F372 /* NSCalender+Extension.swift */ = {isa = PBXFileReference; fileEncoding = 4; lastKnownFileType = sourcecode.swift; path = "NSCalender+Extension.swift"; sourceTree = "<group>"; };
		D66C25BE1C53A13200E7D6A6 /* TPCRefreshable.swift */ = {isa = PBXFileReference; fileEncoding = 4; lastKnownFileType = sourcecode.swift; path = TPCRefreshable.swift; sourceTree = "<group>"; };
		D66C25C01C53A31600E7D6A6 /* TPCActivityIndicator.swift */ = {isa = PBXFileReference; fileEncoding = 4; lastKnownFileType = sourcecode.swift; path = TPCActivityIndicator.swift; sourceTree = "<group>"; };
		D67B75E71C2FD11C0081D470 /* GanHuo.entitlements */ = {isa = PBXFileReference; lastKnownFileType = text.xml; path = GanHuo.entitlements; sourceTree = "<group>"; };
		D67CED961C85DE3600A38B0B /* TPCCategoryViewController.swift */ = {isa = PBXFileReference; fileEncoding = 4; lastKnownFileType = sourcecode.swift; path = TPCCategoryViewController.swift; sourceTree = "<group>"; };
		D67CED981C85EE6B00A38B0B /* TPCSubCategoryViewController.swift */ = {isa = PBXFileReference; fileEncoding = 4; lastKnownFileType = sourcecode.swift; path = TPCSubCategoryViewController.swift; sourceTree = "<group>"; };
		D69797E51C2FBCA500A53CD2 /* UIViewController+Extension.swift */ = {isa = PBXFileReference; fileEncoding = 4; lastKnownFileType = sourcecode.swift; path = "UIViewController+Extension.swift"; sourceTree = "<group>"; };
		D6C0E2BB1C871F5E0033EAFB /* TPCFetchedResultsDataSource.swift */ = {isa = PBXFileReference; fileEncoding = 4; lastKnownFileType = sourcecode.swift; path = TPCFetchedResultsDataSource.swift; sourceTree = "<group>"; };
		D6C0E2BD1C872EBE0033EAFB /* UIColor+Extension.swift */ = {isa = PBXFileReference; fileEncoding = 4; lastKnownFileType = sourcecode.swift; path = "UIColor+Extension.swift"; sourceTree = "<group>"; };
		D6D8BF4B1C82D26F00CCA370 /* Base */ = {isa = PBXFileReference; lastKnownFileType = file.storyboard; name = Base; path = Base.lproj/Main.storyboard; sourceTree = "<group>"; };
		D6D8BF781C82EB6600CCA370 /* TPCNavigationController.swift */ = {isa = PBXFileReference; fileEncoding = 4; lastKnownFileType = sourcecode.swift; path = TPCNavigationController.swift; sourceTree = "<group>"; };
		D6D8BF791C82EB6600CCA370 /* TPCViewController.swift */ = {isa = PBXFileReference; fileEncoding = 4; lastKnownFileType = sourcecode.swift; path = TPCViewController.swift; sourceTree = "<group>"; };
		D6D8BF7B1C82EB6600CCA370 /* TPCBroswerViewController.swift */ = {isa = PBXFileReference; fileEncoding = 4; lastKnownFileType = sourcecode.swift; path = TPCBroswerViewController.swift; sourceTree = "<group>"; };
		D6D8BF7D1C82EB6600CCA370 /* TPCDetailViewController.swift */ = {isa = PBXFileReference; fileEncoding = 4; lastKnownFileType = sourcecode.swift; path = TPCDetailViewController.swift; sourceTree = "<group>"; };
		D6D8BF7E1C82EB6600CCA370 /* TPCTechnicalViewController.swift */ = {isa = PBXFileReference; fileEncoding = 4; lastKnownFileType = sourcecode.swift; path = TPCTechnicalViewController.swift; sourceTree = "<group>"; };
		D6D8BF801C82EB6600CCA370 /* TPCAboutMeController.swift */ = {isa = PBXFileReference; fileEncoding = 4; lastKnownFileType = sourcecode.swift; path = TPCAboutMeController.swift; sourceTree = "<group>"; };
		D6D8BF811C82EB6600CCA370 /* TPCImageAlphaController.swift */ = {isa = PBXFileReference; fileEncoding = 4; lastKnownFileType = sourcecode.swift; path = TPCImageAlphaController.swift; sourceTree = "<group>"; };
		D6D8BF821C82EB6600CCA370 /* TPCLoadDataCountController.swift */ = {isa = PBXFileReference; fileEncoding = 4; lastKnownFileType = sourcecode.swift; path = TPCLoadDataCountController.swift; sourceTree = "<group>"; };
		D6D8BF831C82EB6600CCA370 /* TPCSettingViewController.swift */ = {isa = PBXFileReference; fileEncoding = 4; lastKnownFileType = sourcecode.swift; path = TPCSettingViewController.swift; sourceTree = "<group>"; };
		D6D8BF841C82EB6600CCA370 /* TPCShowCategoryController.swift */ = {isa = PBXFileReference; fileEncoding = 4; lastKnownFileType = sourcecode.swift; path = TPCShowCategoryController.swift; sourceTree = "<group>"; };
		D6D8BF851C82EB6600CCA370 /* TPCShowContentController.swift */ = {isa = PBXFileReference; fileEncoding = 4; lastKnownFileType = sourcecode.swift; path = TPCShowContentController.swift; sourceTree = "<group>"; };
		D6D8BF931C82EB7000CCA370 /* TPCGradientLabel.swift */ = {isa = PBXFileReference; fileEncoding = 4; lastKnownFileType = sourcecode.swift; path = TPCGradientLabel.swift; sourceTree = "<group>"; };
		D6D8BF941C82EB7000CCA370 /* TPCGradientView.swift */ = {isa = PBXFileReference; fileEncoding = 4; lastKnownFileType = sourcecode.swift; path = TPCGradientView.swift; sourceTree = "<group>"; };
		D6D8BF951C82EB7000CCA370 /* TPCImageView.swift */ = {isa = PBXFileReference; fileEncoding = 4; lastKnownFileType = sourcecode.swift; path = TPCImageView.swift; sourceTree = "<group>"; };
		D6D8BF961C82EB7000CCA370 /* TPCLinkButton.swift */ = {isa = PBXFileReference; fileEncoding = 4; lastKnownFileType = sourcecode.swift; path = TPCLinkButton.swift; sourceTree = "<group>"; };
		D6D8BF971C82EB7000CCA370 /* TPCNoMoreDataFooterView.swift */ = {isa = PBXFileReference; fileEncoding = 4; lastKnownFileType = sourcecode.swift; path = TPCNoMoreDataFooterView.swift; sourceTree = "<group>"; };
		D6D8BF981C82EB7000CCA370 /* TPCNoMoreDataFooterView.xib */ = {isa = PBXFileReference; fileEncoding = 4; lastKnownFileType = file.xib; path = TPCNoMoreDataFooterView.xib; sourceTree = "<group>"; };
		D6D8BF991C82EB7000CCA370 /* TPCPageScrollView.swift */ = {isa = PBXFileReference; fileEncoding = 4; lastKnownFileType = sourcecode.swift; path = TPCPageScrollView.swift; sourceTree = "<group>"; };
		D6D8BF9A1C82EB7000CCA370 /* TPCPopoverView.swift */ = {isa = PBXFileReference; fileEncoding = 4; lastKnownFileType = sourcecode.swift; path = TPCPopoverView.swift; sourceTree = "<group>"; };
		D6D8BF9B1C82EB7000CCA370 /* TPCRefreshContentsView.xib */ = {isa = PBXFileReference; fileEncoding = 4; lastKnownFileType = file.xib; path = TPCRefreshContentsView.xib; sourceTree = "<group>"; };
		D6D8BF9C1C82EB7000CCA370 /* TPCRefreshView.swift */ = {isa = PBXFileReference; fileEncoding = 4; lastKnownFileType = sourcecode.swift; path = TPCRefreshView.swift; sourceTree = "<group>"; };
		D6D8BF9D1C82EB7000CCA370 /* TPCShareView.swift */ = {isa = PBXFileReference; fileEncoding = 4; lastKnownFileType = sourcecode.swift; path = TPCShareView.swift; sourceTree = "<group>"; };
		D6D8BF9E1C82EB7000CCA370 /* TPCShareView.xib */ = {isa = PBXFileReference; fileEncoding = 4; lastKnownFileType = file.xib; path = TPCShareView.xib; sourceTree = "<group>"; };
		D6D8BF9F1C82EB7000CCA370 /* TPCSystemButton.swift */ = {isa = PBXFileReference; fileEncoding = 4; lastKnownFileType = sourcecode.swift; path = TPCSystemButton.swift; sourceTree = "<group>"; };
		D6D8BFA01C82EB7000CCA370 /* TPCTableView.swift */ = {isa = PBXFileReference; fileEncoding = 4; lastKnownFileType = sourcecode.swift; path = TPCTableView.swift; sourceTree = "<group>"; };
		D6D8BFA11C82EB7000CCA370 /* TPCUpdateView.swift */ = {isa = PBXFileReference; fileEncoding = 4; lastKnownFileType = sourcecode.swift; path = TPCUpdateView.swift; sourceTree = "<group>"; };
		D6D8BFA21C82EB7000CCA370 /* TPCUpdateView.xib */ = {isa = PBXFileReference; fileEncoding = 4; lastKnownFileType = file.xib; path = TPCUpdateView.xib; sourceTree = "<group>"; };
		D6D8BFA31C82EB7000CCA370 /* TPCWebView.swift */ = {isa = PBXFileReference; fileEncoding = 4; lastKnownFileType = sourcecode.swift; path = TPCWebView.swift; sourceTree = "<group>"; };
		D6D8BFA51C82EB7000CCA370 /* TPCDetailHeaderView.swift */ = {isa = PBXFileReference; fileEncoding = 4; lastKnownFileType = sourcecode.swift; path = TPCDetailHeaderView.swift; sourceTree = "<group>"; };
		D6D8BFA61C82EB7000CCA370 /* TPCDetailViewCell.swift */ = {isa = PBXFileReference; fileEncoding = 4; lastKnownFileType = sourcecode.swift; path = TPCDetailViewCell.swift; sourceTree = "<group>"; };
		D6D8BFA71C82EB7000CCA370 /* TPCTechnicalCell.swift */ = {isa = PBXFileReference; fileEncoding = 4; lastKnownFileType = sourcecode.swift; path = TPCTechnicalCell.swift; sourceTree = "<group>"; };
		D6D8BFA91C82EB7000CCA370 /* TPCApplicationTitleView.swift */ = {isa = PBXFileReference; fileEncoding = 4; lastKnownFileType = sourcecode.swift; path = TPCApplicationTitleView.swift; sourceTree = "<group>"; };
		D6D8BFAA1C82EB7000CCA370 /* TPCLaunchScreenView.swift */ = {isa = PBXFileReference; fileEncoding = 4; lastKnownFileType = sourcecode.swift; path = TPCLaunchScreenView.swift; sourceTree = "<group>"; };
		D6D8BFAB1C82EB7000CCA370 /* TPCLaunchScreenView.xib */ = {isa = PBXFileReference; fileEncoding = 4; lastKnownFileType = file.xib; path = TPCLaunchScreenView.xib; sourceTree = "<group>"; };
		D6D8BFAD1C82EB7000CCA370 /* TPCSettingCell.swift */ = {isa = PBXFileReference; fileEncoding = 4; lastKnownFileType = sourcecode.swift; path = TPCSettingCell.swift; sourceTree = "<group>"; };
		D6D8BFAE1C82EB7000CCA370 /* TPCSettingSubCell.swift */ = {isa = PBXFileReference; fileEncoding = 4; lastKnownFileType = sourcecode.swift; path = TPCSettingSubCell.swift; sourceTree = "<group>"; };
		D6D8BFC91C82EB7700CCA370 /* TPCAboutMe.swift */ = {isa = PBXFileReference; fileEncoding = 4; lastKnownFileType = sourcecode.swift; path = TPCAboutMe.swift; sourceTree = "<group>"; };
		D6D8BFCA1C82EB7700CCA370 /* TPCLaunchConfig.swift */ = {isa = PBXFileReference; fileEncoding = 4; lastKnownFileType = sourcecode.swift; path = TPCLaunchConfig.swift; sourceTree = "<group>"; };
		D6D8BFCC1C82EB7700CCA370 /* TPCTechnicalObject.swift */ = {isa = PBXFileReference; fileEncoding = 4; lastKnownFileType = sourcecode.swift; path = TPCTechnicalObject.swift; sourceTree = "<group>"; };
		D6D8BFD41C82ECB900CCA370 /* TPCTabBarController.swift */ = {isa = PBXFileReference; fileEncoding = 4; lastKnownFileType = sourcecode.swift; path = TPCTabBarController.swift; sourceTree = "<group>"; };
		D6D8BFDD1C8347E600CCA370 /* Base */ = {isa = PBXFileReference; lastKnownFileType = file.storyboard; name = Base; path = Base.lproj/Category.storyboard; sourceTree = "<group>"; };
		D6DE6FB91C25904C00C066DE /* GanHuo.app */ = {isa = PBXFileReference; explicitFileType = wrapper.application; includeInIndex = 0; path = GanHuo.app; sourceTree = BUILT_PRODUCTS_DIR; };
		D6DE70DD1C2592A300C066DE /* Assets.xcassets */ = {isa = PBXFileReference; lastKnownFileType = folder.assetcatalog; path = Assets.xcassets; sourceTree = "<group>"; };
		D6DE70DF1C2592A300C066DE /* Base */ = {isa = PBXFileReference; lastKnownFileType = file.storyboard; name = Base; path = Base.lproj/HomePage.storyboard; sourceTree = "<group>"; };
		D6DE70EE1C2592A300C066DE /* CALayer+Extension.swift */ = {isa = PBXFileReference; fileEncoding = 4; lastKnownFileType = sourcecode.swift; path = "CALayer+Extension.swift"; sourceTree = "<group>"; };
		D6DE70EF1C2592A300C066DE /* NSDate+Extension.swift */ = {isa = PBXFileReference; fileEncoding = 4; lastKnownFileType = sourcecode.swift; path = "NSDate+Extension.swift"; sourceTree = "<group>"; };
		D6DE70F01C2592A300C066DE /* String+Extension.swift */ = {isa = PBXFileReference; fileEncoding = 4; lastKnownFileType = sourcecode.swift; path = "String+Extension.swift"; sourceTree = "<group>"; };
		D6DE70F11C2592A300C066DE /* UIBarButtonItem+Extension.swift */ = {isa = PBXFileReference; fileEncoding = 4; lastKnownFileType = sourcecode.swift; path = "UIBarButtonItem+Extension.swift"; sourceTree = "<group>"; };
		D6DE70F21C2592A300C066DE /* UIButton+Extension.swift */ = {isa = PBXFileReference; fileEncoding = 4; lastKnownFileType = sourcecode.swift; path = "UIButton+Extension.swift"; sourceTree = "<group>"; };
		D6DE70F31C2592A300C066DE /* UIFont+Extension.swift */ = {isa = PBXFileReference; fileEncoding = 4; lastKnownFileType = sourcecode.swift; path = "UIFont+Extension.swift"; sourceTree = "<group>"; };
		D6DE70F41C2592A300C066DE /* UIImage+Extension.swift */ = {isa = PBXFileReference; fileEncoding = 4; lastKnownFileType = sourcecode.swift; path = "UIImage+Extension.swift"; sourceTree = "<group>"; };
		D6DE70F51C2592A300C066DE /* Info.plist */ = {isa = PBXFileReference; fileEncoding = 4; lastKnownFileType = text.plist.xml; path = Info.plist; sourceTree = "<group>"; };
		D6DE70FB1C2592A300C066DE /* AppDelegate.swift */ = {isa = PBXFileReference; fileEncoding = 4; lastKnownFileType = sourcecode.swift; path = AppDelegate.swift; sourceTree = "<group>"; };
		D6DE70FC1C2592A300C066DE /* WKCCSwift-Bridging-Header.h */ = {isa = PBXFileReference; fileEncoding = 4; lastKnownFileType = sourcecode.c.h; path = "WKCCSwift-Bridging-Header.h"; sourceTree = "<group>"; };
		D6DE70FF1C2592A300C066DE /* UINavigationController+FDFullscreenPopGesture.h */ = {isa = PBXFileReference; fileEncoding = 4; lastKnownFileType = sourcecode.c.h; path = "UINavigationController+FDFullscreenPopGesture.h"; sourceTree = "<group>"; };
		D6DE71001C2592A300C066DE /* UINavigationController+FDFullscreenPopGesture.m */ = {isa = PBXFileReference; fileEncoding = 4; lastKnownFileType = sourcecode.c.objc; path = "UINavigationController+FDFullscreenPopGesture.m"; sourceTree = "<group>"; };
		D6DE71021C2592A300C066DE /* TPCCoreDataManager.swift */ = {isa = PBXFileReference; fileEncoding = 4; lastKnownFileType = sourcecode.swift; path = TPCCoreDataManager.swift; sourceTree = "<group>"; };
		D6DE71031C2592A300C066DE /* TPCConfiguration.swift */ = {isa = PBXFileReference; fileEncoding = 4; lastKnownFileType = sourcecode.swift; path = TPCConfiguration.swift; sourceTree = "<group>"; };
		D6DE71041C2592A300C066DE /* TPCConst.swift */ = {isa = PBXFileReference; fileEncoding = 4; lastKnownFileType = sourcecode.swift; path = TPCConst.swift; sourceTree = "<group>"; };
		D6DE71051C2592A300C066DE /* TPCDispatchUtil.swift */ = {isa = PBXFileReference; fileEncoding = 4; lastKnownFileType = sourcecode.swift; path = TPCDispatchUtil.swift; sourceTree = "<group>"; };
		D6DE71061C2592A300C066DE /* TPCNetworkUtil.swift */ = {isa = PBXFileReference; fileEncoding = 4; lastKnownFileType = sourcecode.swift; path = TPCNetworkUtil.swift; sourceTree = "<group>"; };
		D6DE71071C2592A300C066DE /* TPCPhotoUtil.swift */ = {isa = PBXFileReference; fileEncoding = 4; lastKnownFileType = sourcecode.swift; path = TPCPhotoUtil.swift; sourceTree = "<group>"; };
		D6DE71081C2592A300C066DE /* TPCShareManager.swift */ = {isa = PBXFileReference; fileEncoding = 4; lastKnownFileType = sourcecode.swift; path = TPCShareManager.swift; sourceTree = "<group>"; };
		D6DE71091C2592A300C066DE /* TPCStorageUtil.swift */ = {isa = PBXFileReference; fileEncoding = 4; lastKnownFileType = sourcecode.swift; path = TPCStorageUtil.swift; sourceTree = "<group>"; };
		D6DE710A1C2592A300C066DE /* TPCTextParser.swift */ = {isa = PBXFileReference; fileEncoding = 4; lastKnownFileType = sourcecode.swift; path = TPCTextParser.swift; sourceTree = "<group>"; };
		D6DE710B1C2592A300C066DE /* TPCUMManager.swift */ = {isa = PBXFileReference; fileEncoding = 4; lastKnownFileType = sourcecode.swift; path = TPCUMManager.swift; sourceTree = "<group>"; };
		D6DE710C1C2592A300C066DE /* TPCVenusUtil.swift */ = {isa = PBXFileReference; fileEncoding = 4; lastKnownFileType = sourcecode.swift; path = TPCVenusUtil.swift; sourceTree = "<group>"; };
		D6DE71261C2592A300C066DE /* WKCC.xcdatamodel */ = {isa = PBXFileReference; lastKnownFileType = wrapper.xcdatamodel; path = WKCC.xcdatamodel; sourceTree = "<group>"; };
		D6DE71671C259EE900C066DE /* TPCVersionUtil.swift */ = {isa = PBXFileReference; fileEncoding = 4; lastKnownFileType = sourcecode.swift; path = TPCVersionUtil.swift; sourceTree = "<group>"; };
		D6E504D21C2C1D9C00838446 /* AboutMe.json */ = {isa = PBXFileReference; fileEncoding = 4; lastKnownFileType = text.json; path = AboutMe.json; sourceTree = "<group>"; };
/* End PBXFileReference section */

/* Begin PBXFrameworksBuildPhase section */
		D6DE6FB61C25904C00C066DE /* Frameworks */ = {
			isa = PBXFrameworksBuildPhase;
			buildActionMask = 2147483647;
			files = (
				12E92B8827A2329C2999802B /* Pods.framework in Frameworks */,
			);
			runOnlyForDeploymentPostprocessing = 0;
		};
/* End PBXFrameworksBuildPhase section */

/* Begin PBXGroup section */
		A44A4B5EBE5BE4FA794A259E /* Frameworks */ = {
			isa = PBXGroup;
			children = (
				7FE7EA0F9A5A525A33C5DAA3 /* Pods.framework */,
			);
			name = Frameworks;
			sourceTree = "<group>";
		};
		A8041A30D1BA3456D5508AD7 /* Pods */ = {
			isa = PBXGroup;
			children = (
				72EE590290576ABFA38A5059 /* Pods.debug.xcconfig */,
				CA83A096E1133C661EE95446 /* Pods.release.xcconfig */,
			);
			name = Pods;
			sourceTree = "<group>";
		};
		D66C25BD1C53A10E00E7D6A6 /* Protocol */ = {
			isa = PBXGroup;
			children = (
				D66C25BE1C53A13200E7D6A6 /* TPCRefreshable.swift */,
				D66C25C01C53A31600E7D6A6 /* TPCActivityIndicator.swift */,
				D667F9F01C53B19D0059F372 /* TPCArchivable.swift */,
			);
			path = Protocol;
			sourceTree = "<group>";
		};
		D6D8BF761C82EB6600CCA370 /* Controllers */ = {
			isa = PBXGroup;
			children = (
				D6D8BF771C82EB6600CCA370 /* Base */,
				D6D8BFD61C83468C00CCA370 /* Category */,
				D6D8BFD91C8346D700CCA370 /* Profile */,
				D6D8BF7A1C82EB6600CCA370 /* Browser */,
				D6D8BF7C1C82EB6600CCA370 /* HomePage */,
				D6D8BF7F1C82EB6600CCA370 /* Setting */,
			);
			path = Controllers;
			sourceTree = "<group>";
		};
		D6D8BF771C82EB6600CCA370 /* Base */ = {
			isa = PBXGroup;
			children = (
				D6D8BF781C82EB6600CCA370 /* TPCNavigationController.swift */,
				D6D8BF791C82EB6600CCA370 /* TPCViewController.swift */,
				D6D8BFD41C82ECB900CCA370 /* TPCTabBarController.swift */,
			);
			path = Base;
			sourceTree = "<group>";
		};
		D6D8BF7A1C82EB6600CCA370 /* Browser */ = {
			isa = PBXGroup;
			children = (
				D6D8BF7B1C82EB6600CCA370 /* TPCBroswerViewController.swift */,
			);
			path = Browser;
			sourceTree = "<group>";
		};
		D6D8BF7C1C82EB6600CCA370 /* HomePage */ = {
			isa = PBXGroup;
			children = (
				D6DE70DE1C2592A300C066DE /* HomePage.storyboard */,
				D6D8BF7D1C82EB6600CCA370 /* TPCDetailViewController.swift */,
				D6D8BF7E1C82EB6600CCA370 /* TPCTechnicalViewController.swift */,
			);
			path = HomePage;
			sourceTree = "<group>";
		};
		D6D8BF7F1C82EB6600CCA370 /* Setting */ = {
			isa = PBXGroup;
			children = (
				D6D8BF801C82EB6600CCA370 /* TPCAboutMeController.swift */,
				D6D8BF811C82EB6600CCA370 /* TPCImageAlphaController.swift */,
				D6D8BF821C82EB6600CCA370 /* TPCLoadDataCountController.swift */,
				D6D8BF831C82EB6600CCA370 /* TPCSettingViewController.swift */,
				D6D8BF841C82EB6600CCA370 /* TPCShowCategoryController.swift */,
				D6D8BF851C82EB6600CCA370 /* TPCShowContentController.swift */,
			);
			path = Setting;
			sourceTree = "<group>";
		};
		D6D8BF911C82EB7000CCA370 /* Views */ = {
			isa = PBXGroup;
			children = (
				D6D8BF921C82EB7000CCA370 /* Base */,
				D6D8BFD71C8346BB00CCA370 /* Category */,
				D6D8BFD81C8346BB00CCA370 /* Profile */,
				D6D8BFA41C82EB7000CCA370 /* HomePage */,
				D6D8BFA81C82EB7000CCA370 /* Launch */,
				D6D8BFAC1C82EB7000CCA370 /* Setting */,
			);
			path = Views;
			sourceTree = "<group>";
		};
		D6D8BF921C82EB7000CCA370 /* Base */ = {
			isa = PBXGroup;
			children = (
				D6D8BF931C82EB7000CCA370 /* TPCGradientLabel.swift */,
				D6D8BF941C82EB7000CCA370 /* TPCGradientView.swift */,
				D6D8BF951C82EB7000CCA370 /* TPCImageView.swift */,
				D6D8BF961C82EB7000CCA370 /* TPCLinkButton.swift */,
				D6D8BF971C82EB7000CCA370 /* TPCNoMoreDataFooterView.swift */,
				D6D8BF981C82EB7000CCA370 /* TPCNoMoreDataFooterView.xib */,
				D6D8BF991C82EB7000CCA370 /* TPCPageScrollView.swift */,
				D6D8BF9A1C82EB7000CCA370 /* TPCPopoverView.swift */,
				D6D8BF9B1C82EB7000CCA370 /* TPCRefreshContentsView.xib */,
				D6D8BF9C1C82EB7000CCA370 /* TPCRefreshView.swift */,
				D6D8BF9D1C82EB7000CCA370 /* TPCShareView.swift */,
				D6D8BF9E1C82EB7000CCA370 /* TPCShareView.xib */,
				D6D8BF9F1C82EB7000CCA370 /* TPCSystemButton.swift */,
				D6D8BFA01C82EB7000CCA370 /* TPCTableView.swift */,
				D6D8BFA11C82EB7000CCA370 /* TPCUpdateView.swift */,
				D6D8BFA21C82EB7000CCA370 /* TPCUpdateView.xib */,
				D6D8BFA31C82EB7000CCA370 /* TPCWebView.swift */,
			);
			path = Base;
			sourceTree = "<group>";
		};
		D6D8BFA41C82EB7000CCA370 /* HomePage */ = {
			isa = PBXGroup;
			children = (
				D6D8BFA51C82EB7000CCA370 /* TPCDetailHeaderView.swift */,
				D6D8BFA61C82EB7000CCA370 /* TPCDetailViewCell.swift */,
				D6D8BFA71C82EB7000CCA370 /* TPCTechnicalCell.swift */,
			);
			path = HomePage;
			sourceTree = "<group>";
		};
		D6D8BFA81C82EB7000CCA370 /* Launch */ = {
			isa = PBXGroup;
			children = (
				D6D8BFA91C82EB7000CCA370 /* TPCApplicationTitleView.swift */,
				D6D8BFAA1C82EB7000CCA370 /* TPCLaunchScreenView.swift */,
				D6D8BFAB1C82EB7000CCA370 /* TPCLaunchScreenView.xib */,
			);
			path = Launch;
			sourceTree = "<group>";
		};
		D6D8BFAC1C82EB7000CCA370 /* Setting */ = {
			isa = PBXGroup;
			children = (
				D6D8BFAD1C82EB7000CCA370 /* TPCSettingCell.swift */,
				D6D8BFAE1C82EB7000CCA370 /* TPCSettingSubCell.swift */,
			);
			path = Setting;
			sourceTree = "<group>";
		};
		D6D8BFC81C82EB7700CCA370 /* Models */ = {
			isa = PBXGroup;
			children = (
				D61A92531C8AC82900FD594C /* GanHuoObject+CoreDataProperties.swift */,
				D61A92541C8AC82900FD594C /* GanHuoObject.swift */,
				D6D8BFC91C82EB7700CCA370 /* TPCAboutMe.swift */,
				D6D8BFCA1C82EB7700CCA370 /* TPCLaunchConfig.swift */,
				D6D8BFCC1C82EB7700CCA370 /* TPCTechnicalObject.swift */,
			);
			path = Models;
			sourceTree = "<group>";
		};
		D6D8BFD61C83468C00CCA370 /* Category */ = {
			isa = PBXGroup;
			children = (
				D6D8BFDC1C8347E600CCA370 /* Category.storyboard */,
				D67CED961C85DE3600A38B0B /* TPCCategoryViewController.swift */,
				D67CED981C85EE6B00A38B0B /* TPCSubCategoryViewController.swift */,
				D60D12BE1C8D399300C84D4C /* TPCCategoryDataSource.swift */,
				D6C0E2BB1C871F5E0033EAFB /* TPCFetchedResultsDataSource.swift */,
			);
			path = Category;
			sourceTree = "<group>";
		};
		D6D8BFD71C8346BB00CCA370 /* Category */ = {
			isa = PBXGroup;
			children = (
				D65156541C85AD4E005B161B /* TPCSelectHeaderView.swift */,
				D65AA0991C8A872A00A8C308 /* TPCCategoryViewCell.swift */,
				D65AA09A1C8A872A00A8C308 /* TPCCategoryViewCell.xib */,
				D61CC8DD1C8DBC3000EDE97D /* TPCMarkReadView.swift */,
			);
			path = Category;
			sourceTree = "<group>";
		};
		D6D8BFD81C8346BB00CCA370 /* Profile */ = {
			isa = PBXGroup;
			children = (
			);
			path = Profile;
			sourceTree = "<group>";
		};
		D6D8BFD91C8346D700CCA370 /* Profile */ = {
			isa = PBXGroup;
			children = (
			);
			path = Profile;
			sourceTree = "<group>";
		};
		D6DE6FB01C25904C00C066DE = {
			isa = PBXGroup;
			children = (
				D6DE6FBB1C25904C00C066DE /* GanHuo */,
				D6DE6FBA1C25904C00C066DE /* Products */,
				A8041A30D1BA3456D5508AD7 /* Pods */,
				A44A4B5EBE5BE4FA794A259E /* Frameworks */,
			);
			sourceTree = "<group>";
		};
		D6DE6FBA1C25904C00C066DE /* Products */ = {
			isa = PBXGroup;
			children = (
				D6DE6FB91C25904C00C066DE /* GanHuo.app */,
			);
			name = Products;
			sourceTree = "<group>";
		};
		D6DE6FBB1C25904C00C066DE /* GanHuo */ = {
			isa = PBXGroup;
			children = (
				D67B75E71C2FD11C0081D470 /* GanHuo.entitlements */,
				D6DE70DC1C2592A300C066DE /* GanHuo */,
			);
			path = GanHuo;
			sourceTree = "<group>";
		};
		D6DE70DC1C2592A300C066DE /* GanHuo */ = {
			isa = PBXGroup;
			children = (
				D6D8BFC81C82EB7700CCA370 /* Models */,
				D6D8BF911C82EB7000CCA370 /* Views */,
				D6D8BF761C82EB6600CCA370 /* Controllers */,
				D6DE71011C2592A300C066DE /* Util */,
				D6DE70ED1C2592A300C066DE /* Extension */,
				D66C25BD1C53A10E00E7D6A6 /* Protocol */,
				D6DE70FE1C2592A300C066DE /* ThirdParty */,
				D6DE70FA1C2592A300C066DE /* Other */,
				D6DE70FD1C2592A300C066DE /* Resource */,
				D6DE70DD1C2592A300C066DE /* Assets.xcassets */,
				D6D8BF4A1C82D26F00CCA370 /* Main.storyboard */,
				D6DE70F51C2592A300C066DE /* Info.plist */,
			);
			name = GanHuo;
			sourceTree = "<group>";
		};
		D6DE70ED1C2592A300C066DE /* Extension */ = {
			isa = PBXGroup;
			children = (
				D6544A1E1C93C4CE0094DB3F /* UIScrollView+Extension.swift */,
				D6DE70EE1C2592A300C066DE /* CALayer+Extension.swift */,
				D6DE70EF1C2592A300C066DE /* NSDate+Extension.swift */,
				D6DE70F01C2592A300C066DE /* String+Extension.swift */,
				D6DE70F11C2592A300C066DE /* UIBarButtonItem+Extension.swift */,
				D6DE70F21C2592A300C066DE /* UIButton+Extension.swift */,
				D6DE70F31C2592A300C066DE /* UIFont+Extension.swift */,
				D6DE70F41C2592A300C066DE /* UIImage+Extension.swift */,
				D69797E51C2FBCA500A53CD2 /* UIViewController+Extension.swift */,
				D667F9F81C5518920059F372 /* NSCalender+Extension.swift */,
				D6C0E2BD1C872EBE0033EAFB /* UIColor+Extension.swift */,
			);
			path = Extension;
			sourceTree = "<group>";
		};
		D6DE70FA1C2592A300C066DE /* Other */ = {
			isa = PBXGroup;
			children = (
				D6DE70FB1C2592A300C066DE /* AppDelegate.swift */,
				D6DE70FC1C2592A300C066DE /* WKCCSwift-Bridging-Header.h */,
			);
			path = Other;
			sourceTree = "<group>";
		};
		D6DE70FD1C2592A300C066DE /* Resource */ = {
			isa = PBXGroup;
			children = (
				D6DE71251C2592A300C066DE /* WKCC.xcdatamodeld */,
				D6E504D21C2C1D9C00838446 /* AboutMe.json */,
			);
			path = Resource;
			sourceTree = "<group>";
		};
		D6DE70FE1C2592A300C066DE /* ThirdParty */ = {
			isa = PBXGroup;
			children = (
				D6DE70FF1C2592A300C066DE /* UINavigationController+FDFullscreenPopGesture.h */,
				D6DE71001C2592A300C066DE /* UINavigationController+FDFullscreenPopGesture.m */,
			);
			path = ThirdParty;
			sourceTree = "<group>";
		};
		D6DE71011C2592A300C066DE /* Util */ = {
			isa = PBXGroup;
			children = (
				D6DE71021C2592A300C066DE /* TPCCoreDataManager.swift */,
				D6DE71031C2592A300C066DE /* TPCConfiguration.swift */,
				D6DE71041C2592A300C066DE /* TPCConst.swift */,
				D6DE71051C2592A300C066DE /* TPCDispatchUtil.swift */,
				D6DE71061C2592A300C066DE /* TPCNetworkUtil.swift */,
				D6DE71071C2592A300C066DE /* TPCPhotoUtil.swift */,
				D6DE71081C2592A300C066DE /* TPCShareManager.swift */,
				D6DE71091C2592A300C066DE /* TPCStorageUtil.swift */,
				D6DE710A1C2592A300C066DE /* TPCTextParser.swift */,
				D6DE710B1C2592A300C066DE /* TPCUMManager.swift */,
				D6DE710C1C2592A300C066DE /* TPCVenusUtil.swift */,
				D6DE71671C259EE900C066DE /* TPCVersionUtil.swift */,
			);
			path = Util;
			sourceTree = "<group>";
		};
/* End PBXGroup section */

/* Begin PBXNativeTarget section */
		D6DE6FB81C25904C00C066DE /* GanHuo */ = {
			isa = PBXNativeTarget;
			buildConfigurationList = D6DE6FCB1C25904C00C066DE /* Build configuration list for PBXNativeTarget "GanHuo" */;
			buildPhases = (
				84192D92F4B24FE85F1A59C1 /* Check Pods Manifest.lock */,
				D6DE6FB51C25904C00C066DE /* Sources */,
				D6DE6FB61C25904C00C066DE /* Frameworks */,
				D6DE6FB71C25904C00C066DE /* Resources */,
				32DF6EF56B9F8C2F840C1183 /* Embed Pods Frameworks */,
				934B3CF33F329FD9B7D98955 /* Copy Pods Resources */,
			);
			buildRules = (
			);
			dependencies = (
			);
			name = GanHuo;
			productName = GanHuo;
			productReference = D6DE6FB91C25904C00C066DE /* GanHuo.app */;
			productType = "com.apple.product-type.application";
		};
/* End PBXNativeTarget section */

/* Begin PBXProject section */
		D6DE6FB11C25904C00C066DE /* Project object */ = {
			isa = PBXProject;
			attributes = {
				LastSwiftUpdateCheck = 0720;
				LastUpgradeCheck = 0720;
				ORGANIZATIONNAME = tripleCC;
				TargetAttributes = {
					D6DE6FB81C25904C00C066DE = {
						CreatedOnToolsVersion = 7.2;
						SystemCapabilities = {
							com.apple.BackgroundModes = {
								enabled = 0;
							};
							com.apple.iCloud = {
								enabled = 1;
							};
						};
					};
				};
			};
			buildConfigurationList = D6DE6FB41C25904C00C066DE /* Build configuration list for PBXProject "GanHuo" */;
			compatibilityVersion = "Xcode 3.2";
			developmentRegion = English;
			hasScannedForEncodings = 0;
			knownRegions = (
				en,
				Base,
			);
			mainGroup = D6DE6FB01C25904C00C066DE;
			productRefGroup = D6DE6FBA1C25904C00C066DE /* Products */;
			projectDirPath = "";
			projectRoot = "";
			targets = (
				D6DE6FB81C25904C00C066DE /* GanHuo */,
			);
		};
/* End PBXProject section */

/* Begin PBXResourcesBuildPhase section */
		D6DE6FB71C25904C00C066DE /* Resources */ = {
			isa = PBXResourcesBuildPhase;
			buildActionMask = 2147483647;
			files = (
				D6D8BFDE1C8347E600CCA370 /* Category.storyboard in Resources */,
				D65AA09C1C8A872A00A8C308 /* TPCCategoryViewCell.xib in Resources */,
				D6E504D31C2C1D9C00838446 /* AboutMe.json in Resources */,
				D6D8BFC51C82EB7000CCA370 /* TPCLaunchScreenView.xib in Resources */,
				D6D8BFBA1C82EB7000CCA370 /* TPCShareView.xib in Resources */,
				D6DE71271C2592A300C066DE /* Assets.xcassets in Resources */,
				D6D8BFB71C82EB7000CCA370 /* TPCRefreshContentsView.xib in Resources */,
				D6D8BFB41C82EB7000CCA370 /* TPCNoMoreDataFooterView.xib in Resources */,
				D6DE71281C2592A300C066DE /* HomePage.storyboard in Resources */,
				D6D8BF4C1C82D26F00CCA370 /* Main.storyboard in Resources */,
				D6D8BFBE1C82EB7000CCA370 /* TPCUpdateView.xib in Resources */,
			);
			runOnlyForDeploymentPostprocessing = 0;
		};
/* End PBXResourcesBuildPhase section */

/* Begin PBXShellScriptBuildPhase section */
		32DF6EF56B9F8C2F840C1183 /* Embed Pods Frameworks */ = {
			isa = PBXShellScriptBuildPhase;
			buildActionMask = 2147483647;
			files = (
			);
			inputPaths = (
			);
			name = "Embed Pods Frameworks";
			outputPaths = (
			);
			runOnlyForDeploymentPostprocessing = 0;
			shellPath = /bin/sh;
			shellScript = "\"${SRCROOT}/Pods/Target Support Files/Pods/Pods-frameworks.sh\"\n";
			showEnvVarsInLog = 0;
		};
		84192D92F4B24FE85F1A59C1 /* Check Pods Manifest.lock */ = {
			isa = PBXShellScriptBuildPhase;
			buildActionMask = 2147483647;
			files = (
			);
			inputPaths = (
			);
			name = "Check Pods Manifest.lock";
			outputPaths = (
			);
			runOnlyForDeploymentPostprocessing = 0;
			shellPath = /bin/sh;
			shellScript = "diff \"${PODS_ROOT}/../Podfile.lock\" \"${PODS_ROOT}/Manifest.lock\" > /dev/null\nif [[ $? != 0 ]] ; then\n    cat << EOM\nerror: The sandbox is not in sync with the Podfile.lock. Run 'pod install' or update your CocoaPods installation.\nEOM\n    exit 1\nfi\n";
			showEnvVarsInLog = 0;
		};
		934B3CF33F329FD9B7D98955 /* Copy Pods Resources */ = {
			isa = PBXShellScriptBuildPhase;
			buildActionMask = 2147483647;
			files = (
			);
			inputPaths = (
			);
			name = "Copy Pods Resources";
			outputPaths = (
			);
			runOnlyForDeploymentPostprocessing = 0;
			shellPath = /bin/sh;
			shellScript = "\"${SRCROOT}/Pods/Target Support Files/Pods/Pods-resources.sh\"\n";
			showEnvVarsInLog = 0;
		};
/* End PBXShellScriptBuildPhase section */

/* Begin PBXSourcesBuildPhase section */
		D6DE6FB51C25904C00C066DE /* Sources */ = {
			isa = PBXSourcesBuildPhase;
			buildActionMask = 2147483647;
			files = (
				D6D8BFD01C82EB7700CCA370 /* TPCTechnicalObject.swift in Sources */,
				D6D8BFB51C82EB7000CCA370 /* TPCPageScrollView.swift in Sources */,
				D6544A1F1C93C4CE0094DB3F /* UIScrollView+Extension.swift in Sources */,
				D60D12BF1C8D399300C84D4C /* TPCCategoryDataSource.swift in Sources */,
				D6D8BFC31C82EB7000CCA370 /* TPCApplicationTitleView.swift in Sources */,
				D67CED971C85DE3600A38B0B /* TPCCategoryViewController.swift in Sources */,
				D6DE713F1C2592A300C066DE /* AppDelegate.swift in Sources */,
				D6DE71431C2592A300C066DE /* TPCConst.swift in Sources */,
				D667F9F11C53B19D0059F372 /* TPCArchivable.swift in Sources */,
				D6DE71421C2592A300C066DE /* TPCConfiguration.swift in Sources */,
				D65AA09B1C8A872A00A8C308 /* TPCCategoryViewCell.swift in Sources */,
				D6D8BF8C1C82EB6600CCA370 /* TPCImageAlphaController.swift in Sources */,
				D6D8BFC61C82EB7000CCA370 /* TPCSettingCell.swift in Sources */,
				D6D8BFC01C82EB7000CCA370 /* TPCDetailHeaderView.swift in Sources */,
				D6D8BF8E1C82EB6600CCA370 /* TPCSettingViewController.swift in Sources */,
				D6D8BFC41C82EB7000CCA370 /* TPCLaunchScreenView.swift in Sources */,
				D61A92551C8AC82900FD594C /* GanHuoObject+CoreDataProperties.swift in Sources */,
				D6DE713A1C2592A300C066DE /* UIImage+Extension.swift in Sources */,
				D61CC8DE1C8DBC3000EDE97D /* TPCMarkReadView.swift in Sources */,
				D6D8BFCE1C82EB7700CCA370 /* TPCLaunchConfig.swift in Sources */,
				D6D8BFBB1C82EB7000CCA370 /* TPCSystemButton.swift in Sources */,
				D6DE71491C2592A300C066DE /* TPCTextParser.swift in Sources */,
				D6D8BFBC1C82EB7000CCA370 /* TPCTableView.swift in Sources */,
				D6D8BFB61C82EB7000CCA370 /* TPCPopoverView.swift in Sources */,
				D6D8BFBF1C82EB7000CCA370 /* TPCWebView.swift in Sources */,
				D6D8BF871C82EB6600CCA370 /* TPCViewController.swift in Sources */,
				D6D8BFBD1C82EB7000CCA370 /* TPCUpdateView.swift in Sources */,
				D6DE71411C2592A300C066DE /* TPCCoreDataManager.swift in Sources */,
				D6D8BFB81C82EB7000CCA370 /* TPCRefreshView.swift in Sources */,
				D6DE71461C2592A300C066DE /* TPCPhotoUtil.swift in Sources */,
				D6DE714B1C2592A300C066DE /* TPCVenusUtil.swift in Sources */,
				D66C25C11C53A31600E7D6A6 /* TPCActivityIndicator.swift in Sources */,
				D6DE71381C2592A300C066DE /* UIButton+Extension.swift in Sources */,
				D69797E61C2FBCA500A53CD2 /* UIViewController+Extension.swift in Sources */,
				D6D8BFB91C82EB7000CCA370 /* TPCShareView.swift in Sources */,
				D6DE71371C2592A300C066DE /* UIBarButtonItem+Extension.swift in Sources */,
				D65156551C85AD4E005B161B /* TPCSelectHeaderView.swift in Sources */,
				D6D8BFB01C82EB7000CCA370 /* TPCGradientView.swift in Sources */,
				D6DE71441C2592A300C066DE /* TPCDispatchUtil.swift in Sources */,
				D6D8BFD51C82ECB900CCA370 /* TPCTabBarController.swift in Sources */,
				D6D8BFCD1C82EB7700CCA370 /* TPCAboutMe.swift in Sources */,
				D66C25BF1C53A13200E7D6A6 /* TPCRefreshable.swift in Sources */,
				D6D8BFB11C82EB7000CCA370 /* TPCImageView.swift in Sources */,
				D6D8BF861C82EB6600CCA370 /* TPCNavigationController.swift in Sources */,
				D6D8BFC71C82EB7000CCA370 /* TPCSettingSubCell.swift in Sources */,
				D6DE71401C2592A300C066DE /* UINavigationController+FDFullscreenPopGesture.m in Sources */,
				D6D8BFC11C82EB7000CCA370 /* TPCDetailViewCell.swift in Sources */,
				D6D8BFB31C82EB7000CCA370 /* TPCNoMoreDataFooterView.swift in Sources */,
				D6D8BFC21C82EB7000CCA370 /* TPCTechnicalCell.swift in Sources */,
				D6D8BF901C82EB6600CCA370 /* TPCShowContentController.swift in Sources */,
				D667F9F91C5518920059F372 /* NSCalender+Extension.swift in Sources */,
				D67CED991C85EE6B00A38B0B /* TPCSubCategoryViewController.swift in Sources */,
				D6DE71481C2592A300C066DE /* TPCStorageUtil.swift in Sources */,
				D6DE71391C2592A300C066DE /* UIFont+Extension.swift in Sources */,
				D6DE71361C2592A300C066DE /* String+Extension.swift in Sources */,
				D6C0E2BC1C871F5F0033EAFB /* TPCFetchedResultsDataSource.swift in Sources */,
				D6DE71621C2592A300C066DE /* WKCC.xcdatamodeld in Sources */,
				D6D8BFAF1C82EB7000CCA370 /* TPCGradientLabel.swift in Sources */,
				D6DE71681C259EE900C066DE /* TPCVersionUtil.swift in Sources */,
				D6C0E2BE1C872EBE0033EAFB /* UIColor+Extension.swift in Sources */,
				D6D8BF8F1C82EB6600CCA370 /* TPCShowCategoryController.swift in Sources */,
				D6D8BF8A1C82EB6600CCA370 /* TPCTechnicalViewController.swift in Sources */,
				D6D8BF8B1C82EB6600CCA370 /* TPCAboutMeController.swift in Sources */,
				D6D8BF8D1C82EB6600CCA370 /* TPCLoadDataCountController.swift in Sources */,
				D6DE714A1C2592A300C066DE /* TPCUMManager.swift in Sources */,
				D61A92561C8AC82900FD594C /* GanHuoObject.swift in Sources */,
				D6D8BF891C82EB6600CCA370 /* TPCDetailViewController.swift in Sources */,
				D6D8BF881C82EB6600CCA370 /* TPCBroswerViewController.swift in Sources */,
				D6DE71341C2592A300C066DE /* CALayer+Extension.swift in Sources */,
				D6DE71471C2592A300C066DE /* TPCShareManager.swift in Sources */,
				D6D8BFB21C82EB7000CCA370 /* TPCLinkButton.swift in Sources */,
				D6DE71451C2592A300C066DE /* TPCNetworkUtil.swift in Sources */,
				D6DE71351C2592A300C066DE /* NSDate+Extension.swift in Sources */,
			);
			runOnlyForDeploymentPostprocessing = 0;
		};
/* End PBXSourcesBuildPhase section */

/* Begin PBXVariantGroup section */
		D6D8BF4A1C82D26F00CCA370 /* Main.storyboard */ = {
			isa = PBXVariantGroup;
			children = (
				D6D8BF4B1C82D26F00CCA370 /* Base */,
			);
			name = Main.storyboard;
			sourceTree = "<group>";
		};
		D6D8BFDC1C8347E600CCA370 /* Category.storyboard */ = {
			isa = PBXVariantGroup;
			children = (
				D6D8BFDD1C8347E600CCA370 /* Base */,
			);
			name = Category.storyboard;
			path = ../..;
			sourceTree = "<group>";
		};
		D6DE70DE1C2592A300C066DE /* HomePage.storyboard */ = {
			isa = PBXVariantGroup;
			children = (
				D6DE70DF1C2592A300C066DE /* Base */,
			);
			name = HomePage.storyboard;
			path = ../..;
			sourceTree = "<group>";
		};
/* End PBXVariantGroup section */

/* Begin XCBuildConfiguration section */
		D6DE6FC91C25904C00C066DE /* Debug */ = {
			isa = XCBuildConfiguration;
			buildSettings = {
				ALWAYS_SEARCH_USER_PATHS = NO;
				CLANG_CXX_LANGUAGE_STANDARD = "gnu++0x";
				CLANG_CXX_LIBRARY = "libc++";
				CLANG_ENABLE_MODULES = YES;
				CLANG_ENABLE_OBJC_ARC = YES;
				CLANG_WARN_BOOL_CONVERSION = YES;
				CLANG_WARN_CONSTANT_CONVERSION = YES;
				CLANG_WARN_DIRECT_OBJC_ISA_USAGE = YES_ERROR;
				CLANG_WARN_EMPTY_BODY = YES;
				CLANG_WARN_ENUM_CONVERSION = YES;
				CLANG_WARN_INT_CONVERSION = YES;
				CLANG_WARN_OBJC_ROOT_CLASS = YES_ERROR;
				CLANG_WARN_UNREACHABLE_CODE = YES;
				CLANG_WARN__DUPLICATE_METHOD_MATCH = YES;
				"CODE_SIGN_IDENTITY[sdk=iphoneos*]" = "iPhone Developer";
				COPY_PHASE_STRIP = NO;
				DEBUG_INFORMATION_FORMAT = dwarf;
				ENABLE_STRICT_OBJC_MSGSEND = YES;
				ENABLE_TESTABILITY = YES;
				GCC_C_LANGUAGE_STANDARD = gnu99;
				GCC_DYNAMIC_NO_PIC = NO;
				GCC_NO_COMMON_BLOCKS = YES;
				GCC_OPTIMIZATION_LEVEL = 0;
				GCC_PREPROCESSOR_DEFINITIONS = (
					"DEBUG=1",
					"$(inherited)",
				);
				GCC_WARN_64_TO_32_BIT_CONVERSION = YES;
				GCC_WARN_ABOUT_RETURN_TYPE = YES_ERROR;
				GCC_WARN_UNDECLARED_SELECTOR = YES;
				GCC_WARN_UNINITIALIZED_AUTOS = YES_AGGRESSIVE;
				GCC_WARN_UNUSED_FUNCTION = YES;
				GCC_WARN_UNUSED_VARIABLE = YES;
				IPHONEOS_DEPLOYMENT_TARGET = 9.2;
				MTL_ENABLE_DEBUG_INFO = YES;
				ONLY_ACTIVE_ARCH = YES;
				SDKROOT = iphoneos;
				SWIFT_OPTIMIZATION_LEVEL = "-Onone";
			};
			name = Debug;
		};
		D6DE6FCA1C25904C00C066DE /* Release */ = {
			isa = XCBuildConfiguration;
			buildSettings = {
				ALWAYS_SEARCH_USER_PATHS = NO;
				CLANG_CXX_LANGUAGE_STANDARD = "gnu++0x";
				CLANG_CXX_LIBRARY = "libc++";
				CLANG_ENABLE_MODULES = YES;
				CLANG_ENABLE_OBJC_ARC = YES;
				CLANG_WARN_BOOL_CONVERSION = YES;
				CLANG_WARN_CONSTANT_CONVERSION = YES;
				CLANG_WARN_DIRECT_OBJC_ISA_USAGE = YES_ERROR;
				CLANG_WARN_EMPTY_BODY = YES;
				CLANG_WARN_ENUM_CONVERSION = YES;
				CLANG_WARN_INT_CONVERSION = YES;
				CLANG_WARN_OBJC_ROOT_CLASS = YES_ERROR;
				CLANG_WARN_UNREACHABLE_CODE = YES;
				CLANG_WARN__DUPLICATE_METHOD_MATCH = YES;
				"CODE_SIGN_IDENTITY[sdk=iphoneos*]" = "iPhone Developer";
				COPY_PHASE_STRIP = NO;
				DEBUG_INFORMATION_FORMAT = "dwarf-with-dsym";
				ENABLE_NS_ASSERTIONS = NO;
				ENABLE_STRICT_OBJC_MSGSEND = YES;
				GCC_C_LANGUAGE_STANDARD = gnu99;
				GCC_NO_COMMON_BLOCKS = YES;
				GCC_WARN_64_TO_32_BIT_CONVERSION = YES;
				GCC_WARN_ABOUT_RETURN_TYPE = YES_ERROR;
				GCC_WARN_UNDECLARED_SELECTOR = YES;
				GCC_WARN_UNINITIALIZED_AUTOS = YES_AGGRESSIVE;
				GCC_WARN_UNUSED_FUNCTION = YES;
				GCC_WARN_UNUSED_VARIABLE = YES;
				IPHONEOS_DEPLOYMENT_TARGET = 9.2;
				MTL_ENABLE_DEBUG_INFO = NO;
				SDKROOT = iphoneos;
				VALIDATE_PRODUCT = YES;
			};
			name = Release;
		};
		D6DE6FCC1C25904C00C066DE /* Debug */ = {
			isa = XCBuildConfiguration;
			baseConfigurationReference = 72EE590290576ABFA38A5059 /* Pods.debug.xcconfig */;
			buildSettings = {
				ASSETCATALOG_COMPILER_APPICON_NAME = AppIcon;
				ASSETCATALOG_COMPILER_LAUNCHIMAGE_NAME = LaunchImage;
				CODE_SIGN_ENTITLEMENTS = GanHuo/GanHuo.entitlements;
				CODE_SIGN_IDENTITY = "iPhone Developer";
				"CODE_SIGN_IDENTITY[sdk=iphoneos*]" = "iPhone Developer";
				ENABLE_BITCODE = YES;
				INFOPLIST_FILE = "$(SRCROOT)/GanHuo/Info.plist";
				IPHONEOS_DEPLOYMENT_TARGET = 9.0;
				LD_RUNPATH_SEARCH_PATHS = "$(inherited) @executable_path/Frameworks";
				PRODUCT_BUNDLE_IDENTIFIER = com.triplecc.WKCC;
				PRODUCT_NAME = "$(TARGET_NAME)";
				PROVISIONING_PROFILE = "";
				SWIFT_OBJC_BRIDGING_HEADER = "GanHuo/Other/WKCCSwift-Bridging-Header.h";
			};
			name = Debug;
		};
		D6DE6FCD1C25904C00C066DE /* Release */ = {
			isa = XCBuildConfiguration;
			baseConfigurationReference = CA83A096E1133C661EE95446 /* Pods.release.xcconfig */;
			buildSettings = {
				ASSETCATALOG_COMPILER_APPICON_NAME = AppIcon;
				ASSETCATALOG_COMPILER_LAUNCHIMAGE_NAME = LaunchImage;
				CODE_SIGN_ENTITLEMENTS = GanHuo/GanHuo.entitlements;
				CODE_SIGN_IDENTITY = "iPhone Developer";
				"CODE_SIGN_IDENTITY[sdk=iphoneos*]" = "iPhone Developer";
				ENABLE_BITCODE = YES;
				INFOPLIST_FILE = "$(SRCROOT)/GanHuo/Info.plist";
				IPHONEOS_DEPLOYMENT_TARGET = 9.0;
				LD_RUNPATH_SEARCH_PATHS = "$(inherited) @executable_path/Frameworks";
				PRODUCT_BUNDLE_IDENTIFIER = com.triplecc.WKCC;
				PRODUCT_NAME = "$(TARGET_NAME)";
				PROVISIONING_PROFILE = "";
				SWIFT_OBJC_BRIDGING_HEADER = "GanHuo/Other/WKCCSwift-Bridging-Header.h";
			};
			name = Release;
		};
/* End XCBuildConfiguration section */

/* Begin XCConfigurationList section */
		D6DE6FB41C25904C00C066DE /* Build configuration list for PBXProject "GanHuo" */ = {
			isa = XCConfigurationList;
			buildConfigurations = (
				D6DE6FC91C25904C00C066DE /* Debug */,
				D6DE6FCA1C25904C00C066DE /* Release */,
			);
			defaultConfigurationIsVisible = 0;
			defaultConfigurationName = Release;
		};
		D6DE6FCB1C25904C00C066DE /* Build configuration list for PBXNativeTarget "GanHuo" */ = {
			isa = XCConfigurationList;
			buildConfigurations = (
				D6DE6FCC1C25904C00C066DE /* Debug */,
				D6DE6FCD1C25904C00C066DE /* Release */,
			);
			defaultConfigurationIsVisible = 0;
			defaultConfigurationName = Release;
		};
/* End XCConfigurationList section */

/* Begin XCVersionGroup section */
		D6DE71251C2592A300C066DE /* WKCC.xcdatamodeld */ = {
			isa = XCVersionGroup;
			children = (
				D6DE71261C2592A300C066DE /* WKCC.xcdatamodel */,
			);
			currentVersion = D6DE71261C2592A300C066DE /* WKCC.xcdatamodel */;
			name = WKCC.xcdatamodeld;
			path = ../WKCC.xcdatamodeld;
			sourceTree = "<group>";
			versionGroupType = wrapper.xcdatamodel;
		};
/* End XCVersionGroup section */
	};
	rootObject = D6DE6FB11C25904C00C066DE /* Project object */;
}
