PODS:
  - Alamofire (3.1.4)
  - DACircularProgress (2.3.1)
  - MonkeyKing (0.7)
  - SDWebImage (3.7.3):
    - SDWebImage/Core (= 3.7.3)
  - SDWebImage/Core (3.7.3)
  - SwiftyJSON (2.3.2)
  - UMengAnalytics-NO-IDFA (3.6.7)

DEPENDENCIES:
  - Alamofire
  - DACircularProgress
  - MonkeyKing (~> 0.7)
  - SDWebImage
  - SwiftyJSON
  - UMengAnalytics-NO-IDFA

SPEC CHECKSUMS:
  Alamofire: fbc829692f351fa1d8a31dd75fd7f7f56fea31fb
  DACircularProgress: 4dd437c0fc3da5161cb289e07ac449493d41db71
  MonkeyKing: 6b693e38951b1e4850a475b7ee194bd6f75a9f2b
  SDWebImage: 1d2b1a1efda1ade1b00b6f8498865f8ddedc8a84
  SwiftyJSON: 04ccea08915aa0109039157c7974cf0298da292a
  UMengAnalytics-NO-IDFA: 6d02561a00579b2e37718f204eb81347df5d7b8b

COCOAPODS: 0.39.0
