PODS:
  - Alamofire (3.2.0)
  - DACircularProgress (2.3.1)
  - Kingfisher (2.0.3)
  - MonkeyKing (0.7)
  - PKHUD (2.2.5)
  - SwiftyJSON (2.3.2)
  - UMengAnalytics-NO-IDFA (3.6.7)

DEPENDENCIES:
  - Alamofire
  - DACircularProgress
  - Kingfisher
  - MonkeyKing (= 0.7)
  - PKHUD
  - SwiftyJSON
  - UMengAnalytics-NO-IDFA

SPEC CHECKSUMS:
  Alamofire: 4da478599fccddff361205c8929333d7fe18dceb
  DACircularProgress: 4dd437c0fc3da5161cb289e07ac449493d41db71
  Kingfisher: 44c1f1912f19371a67d701e67c96d6bb45ca1c8d
  MonkeyKing: 6b693e38951b1e4850a475b7ee194bd6f75a9f2b
  PKHUD: 15d9db01fb008bb9247c6d785c585f587955b113
  SwiftyJSON: 04ccea08915aa0109039157c7974cf0298da292a
  UMengAnalytics-NO-IDFA: 6d02561a00579b2e37718f204eb81347df5d7b8b

COCOAPODS: 0.39.0
